
Microsoft Visual Studio Solution File, Format Version 12.00
# Visual Studio Version 16
VisualStudioVersion = 16.0.29709.97
MinimumVisualStudioVersion = 10.0.40219.1
Project("{8BC9CEB8-8B4A-11D0-8D11-00A0C91BC942}") = "27", "27\27.vcxproj", "{1FB849FD-13F5-4A03-BF2E-D11B7A4D34C0}"
EndProject
Project("{8BC9CEB8-8B4A-11D0-8D11-00A0C91BC942}") = "28", "28\28.vcxproj", "{0558CBB4-757B-45E4-AD8C-FDF402237642}"
EndProject
Project("{8BC9CEB8-8B4A-11D0-8D11-00A0C91BC942}") = "35", "35\35.vcxproj", "{45D1A1A8-AF0F-4800-8632-BBA16AC40EE7}"
EndProject
Project("{8BC9CEB8-8B4A-11D0-8D11-00A0C91BC942}") = "38", "38\38.vcxproj", "{7B3DF37C-0A4D-4D1E-88EC-B1B8CFCBFBB0}"
EndProject
Project("{8BC9CEB8-8B4A-11D0-8D11-00A0C91BC942}") = "53", "53\53.vcxproj", "{C3F04563-F9A9-4048-848B-AC6DC88FFA61}"
EndProject
Project("{8BC9CEB8-8B4A-11D0-8D11-00A0C91BC942}") = "58", "58\58.vcxproj", "{2895922E-5EEE-4A8B-ABA7-1F13ED83A17C}"
EndProject
Project("{8BC9CEB8-8B4A-11D0-8D11-00A0C91BC942}") = "66", "66\66.vcxproj", "{7B959A5C-2E33-433E-8E27-BB2EA94D039B}"
EndProject
Project("{8BC9CEB8-8B4A-11D0-8D11-00A0C91BC942}") = "67", "67\67.vcxproj", "{47CC4A28-A1E5-437A-BFD0-B991920181E9}"
EndProject
Project("{8BC9CEB8-8B4A-11D0-8D11-00A0C91BC942}") = "69", "69\69.vcxproj", "{69CAB0DB-5CE6-4FE7-B5CB-2BD98E56B037}"
EndProject
Project("{8BC9CEB8-8B4A-11D0-8D11-00A0C91BC942}") = "70", "70\70.vcxproj", "{6A3350CF-4F7C-412C-9BB0-B93E2EE13D2C}"
EndProject
Project("{8BC9CEB8-8B4A-11D0-8D11-00A0C91BC942}") = "83", "83\83.vcxproj", "{2DBD6B3A-7316-4222-AE2D-9618534CE5CE}"
EndProject
Project("{8BC9CEB8-8B4A-11D0-8D11-00A0C91BC942}") = "88", "88\88.vcxproj", "{CF7D4EED-245A-4258-B525-61FCDBACA39D}"
EndProject
Project("{8BC9CEB8-8B4A-11D0-8D11-00A0C91BC942}") = "100", "100\100.vcxproj", "{6B03C957-5ED0-4972-B384-754382DD14C7}"
EndProject
Project("{8BC9CEB8-8B4A-11D0-8D11-00A0C91BC942}") = "101", "101\101.vcxproj", "{1F36AC6B-41E1-4B99-B197-4C30E868C9B7}"
EndProject
Project("{8BC9CEB8-8B4A-11D0-8D11-00A0C91BC942}") = "104", "104\104.vcxproj", "{9BA784C9-EFF6-4D9D-BB0C-035BD5938653}"
EndProject
Project("{8BC9CEB8-8B4A-11D0-8D11-00A0C91BC942}") = "107", "107\107.vcxproj", "{73364694-C837-48FE-9123-CE2031AFAC2A}"
EndProject
Project("{8BC9CEB8-8B4A-11D0-8D11-00A0C91BC942}") = "108", "108\108.vcxproj", "{A4869299-A4A9-45C0-B772-DEBD8D1A3EA3}"
EndProject
Project("{8BC9CEB8-8B4A-11D0-8D11-00A0C91BC942}") = "110", "110\110.vcxproj", "{392D492D-AA53-41C3-A48F-27AA7763632A}"
EndProject
Project("{8BC9CEB8-8B4A-11D0-8D11-00A0C91BC942}") = "111", "111\111.vcxproj", "{C74999A5-5312-4FA9-ADEC-E1A3579A5D5D}"
EndProject
Project("{8BC9CEB8-8B4A-11D0-8D11-00A0C91BC942}") = "112", "112\112.vcxproj", "{BEB470D9-16FF-4E1B-8B33-F87C2D079592}"
EndProject
Project("{8BC9CEB8-8B4A-11D0-8D11-00A0C91BC942}") = "118", "118\118.vcxproj", "{55DA484F-0A00-41EC-BEB5-92967EE7EBAC}"
EndProject
Project("{8BC9CEB8-8B4A-11D0-8D11-00A0C91BC942}") = "119", "119\119.vcxproj", "{76859B9D-934D-4110-88EF-E7B1CFAC2BC8}"
EndProject
Project("{8BC9CEB8-8B4A-11D0-8D11-00A0C91BC942}") = "121", "121\121.vcxproj", "{36378A00-49FD-4F99-A20E-0CB2D6C87162}"
EndProject
Project("{8BC9CEB8-8B4A-11D0-8D11-00A0C91BC942}") = "122", "122\122.vcxproj", "{A6D124F3-3825-4756-ACCF-5D9582EA65CA}"
EndProject
Project("{8BC9CEB8-8B4A-11D0-8D11-00A0C91BC942}") = "125", "125\125.vcxproj", "{0A694E60-887E-43EB-8606-7588D7ACA426}"
EndProject
Project("{8BC9CEB8-8B4A-11D0-8D11-00A0C91BC942}") = "136", "136\136.vcxproj", "{FA44FF59-AA36-46D8-BD17-76B1E3AB0251}"
EndProject
Project("{8BC9CEB8-8B4A-11D0-8D11-00A0C91BC942}") = "141", "141\141.vcxproj", "{64837C6E-6A1B-48BE-895C-89BEB1ECA74F}"
EndProject
Project("{8BC9CEB8-8B4A-11D0-8D11-00A0C91BC942}") = "155", "155\155.vcxproj", "{C9AD131E-7FAA-45A0-803D-46D0270F8E06}"
EndProject
Project("{8BC9CEB8-8B4A-11D0-8D11-00A0C91BC942}") = "160", "160\160.vcxproj", "{13E03000-D4BE-4758-BB7F-14CA7C4E3896}"
EndProject
Project("{8BC9CEB8-8B4A-11D0-8D11-00A0C91BC942}") = "167", "167\167.vcxproj", "{E5FED32C-143C-4A75-90BE-AE10EF4BA91F}"
EndProject
Project("{8BC9CEB8-8B4A-11D0-8D11-00A0C91BC942}") = "168", "168\168.vcxproj", "{A595188F-8E1A-4DA3-B449-C61E092BF394}"
EndProject
Project("{8BC9CEB8-8B4A-11D0-8D11-00A0C91BC942}") = "169", "169\169.vcxproj", "{EB753034-4A68-41AC-85E0-DCE3A11FC06D}"
EndProject
Project("{8BC9CEB8-8B4A-11D0-8D11-00A0C91BC942}") = "171", "171\171.vcxproj", "{4833750E-44F3-4731-A66B-E1275201DFCB}"
EndProject
Project("{8BC9CEB8-8B4A-11D0-8D11-00A0C91BC942}") = "172", "172\172.vcxproj", "{E5FCB735-94AC-4D34-8036-08D5C103040C}"
EndProject
Project("{8BC9CEB8-8B4A-11D0-8D11-00A0C91BC942}") = "189", "189\189.vcxproj", "{F7400982-40FE-422B-ABDE-D966A39EBCA1}"
EndProject
Project("{8BC9CEB8-8B4A-11D0-8D11-00A0C91BC942}") = "190", "190\190.vcxproj", "{815F69BA-BE13-43AE-88B3-6F79295E6360}"
EndProject
Project("{8BC9CEB8-8B4A-11D0-8D11-00A0C91BC942}") = "191", "191\191.vcxproj", "{1E79C3BE-0834-4543-BA40-3B599CDFED7B}"
EndProject
Project("{8BC9CEB8-8B4A-11D0-8D11-00A0C91BC942}") = "198", "198\198.vcxproj", "{539C8775-CC55-4DF9-82D7-262D7EF805C6}"
EndProject
Project("{8BC9CEB8-8B4A-11D0-8D11-00A0C91BC942}") = "202", "202\202.vcxproj", "{DEE3EDB3-5050-4257-A5F7-4C95890FF898}"
EndProject
Project("{8BC9CEB8-8B4A-11D0-8D11-00A0C91BC942}") = "203", "203\203.vcxproj", "{2481C640-1F90-4F4D-A98D-A9CE7EF035A3}"
EndProject
Project("{8BC9CEB8-8B4A-11D0-8D11-00A0C91BC942}") = "204", "204\204.vcxproj", "{C3EA7C2E-2D09-487D-A0AF-F1D56622D3AD}"
EndProject
Project("{8BC9CEB8-8B4A-11D0-8D11-00A0C91BC942}") = "205", "205\205.vcxproj", "{76EE58E7-4E0B-4B79-87E7-41C925F5A8F4}"
EndProject
Project("{8BC9CEB8-8B4A-11D0-8D11-00A0C91BC942}") = "206", "206\206.vcxproj", "{6905CFE3-8D6F-4A83-9797-50EECD34E084}"
EndProject
Project("{8BC9CEB8-8B4A-11D0-8D11-00A0C91BC942}") = "4", "4\4.vcxproj", "{0E448537-3FFA-42C0-B49B-0E1FB02167EC}"
EndProject
Project("{8BC9CEB8-8B4A-11D0-8D11-00A0C91BC942}") = "5", "5\5.vcxproj", "{C9DAA1D0-0229-42E9-9048-579C86D01254}"
EndProject
Project("{8BC9CEB8-8B4A-11D0-8D11-00A0C91BC942}") = "8", "8\8.vcxproj", "{4B912692-23BB-4A99-BDC8-A8D5D7CEA429}"
EndProject
Project("{8BC9CEB8-8B4A-11D0-8D11-00A0C91BC942}") = "10", "10\10.vcxproj", "{82524219-E36E-4691-9776-094EEF8EC752}"
EndProject
Project("{8BC9CEB8-8B4A-11D0-8D11-00A0C91BC942}") = "11", "11\11.vcxproj", "{5320C7E4-7262-4FB8-8840-54FA9C4E7617}"
EndProject
Project("{8BC9CEB8-8B4A-11D0-8D11-00A0C91BC942}") = "15", "15\15.vcxproj", "{DB58FDB8-185E-4BC6-A5F9-63F3E8E8BA06}"
EndProject
Project("{8BC9CEB8-8B4A-11D0-8D11-00A0C91BC942}") = "17", "17\17.vcxproj", "{832D31AB-A19F-4889-9859-636FB4480E92}"
EndProject
Project("{8BC9CEB8-8B4A-11D0-8D11-00A0C91BC942}") = "19", "19\19.vcxproj", "{89790CDD-20A7-4AC4-B201-1279C565AB70}"
EndProject
Project("{8BC9CEB8-8B4A-11D0-8D11-00A0C91BC942}") = "22", "22\22.vcxproj", "{FC4CC5D0-A01E-4B52-A63C-C379CC17EE34}"
EndProject
Project("{8BC9CEB8-8B4A-11D0-8D11-00A0C91BC942}") = "23", "23\23.vcxproj", "{0C4DB90E-E96D-484E-B0C4-00A74E89C6B1}"
EndProject
Project("{8BC9CEB8-8B4A-11D0-8D11-00A0C91BC942}") = "leetcode_misc", "leetcode_misc\leetcode_misc.vcxproj", "{CBD14C70-992A-4852-9009-AA627CAA1468}"
EndProject
Project("{8BC9CEB8-8B4A-11D0-8D11-00A0C91BC942}") = "29", "29\29.vcxproj", "{994C4C07-654B-4D1A-9AC1-8FF07CB26624}"
EndProject
Project("{8BC9CEB8-8B4A-11D0-8D11-00A0C91BC942}") = "33", "33\33.vcxproj", "{CE947ABB-0892-456C-92CC-03A0E7D98A7E}"
EndProject
Project("{8BC9CEB8-8B4A-11D0-8D11-00A0C91BC942}") = "34", "34\34.vcxproj", "{0DB29C21-C81E-4CDE-9E1E-5B28432ED268}"
EndProject
Project("{8BC9CEB8-8B4A-11D0-8D11-00A0C91BC942}") = "36", "36\36.vcxproj", "{AD3E73FF-0687-4D9C-B229-A82C6476EE4F}"
EndProject
Project("{8BC9CEB8-8B4A-11D0-8D11-00A0C91BC942}") = "41", "41\41.vcxproj", "{50392D99-F456-4079-9D9A-2F8C6BA8C36D}"
EndProject
Project("{8BC9CEB8-8B4A-11D0-8D11-00A0C91BC942}") = "42", "42\42.vcxproj", "{2E103AA4-803D-4DC7-A87D-A626CB1A8AE4}"
EndProject
Project("{8BC9CEB8-8B4A-11D0-8D11-00A0C91BC942}") = "44", "44\44.vcxproj", "{D2722C01-8A80-4359-B7AA-0FA9AE0019D2}"
EndProject
Project("{8BC9CEB8-8B4A-11D0-8D11-00A0C91BC942}") = "46", "46\46.vcxproj", "{25A9EFD9-1E96-4925-A4B2-A63116C64CC7}"
EndProject
Project("{8BC9CEB8-8B4A-11D0-8D11-00A0C91BC942}") = "48", "48\48.vcxproj", "{37E8BEA8-C4BA-4120-9017-115248C97574}"
EndProject
Project("{8BC9CEB8-8B4A-11D0-8D11-00A0C91BC942}") = "49", "49\49.vcxproj", "{8DF2B080-C56E-4BCD-8D17-C3789CBC8C2C}"
EndProject
Project("{8BC9CEB8-8B4A-11D0-8D11-00A0C91BC942}") = "50", "50\50.vcxproj", "{1ABC57BF-61F7-4204-9F68-18CBE81016B5}"
EndProject
Project("{8BC9CEB8-8B4A-11D0-8D11-00A0C91BC942}") = "54", "54\54.vcxproj", "{1CE6A53B-E4E7-45B5-9AD3-289546626BCC}"
EndProject
Project("{8BC9CEB8-8B4A-11D0-8D11-00A0C91BC942}") = "55", "55\55.vcxproj", "{BEDA94E5-375D-492B-942E-8D56F77AA0C9}"
EndProject
Project("{8BC9CEB8-8B4A-11D0-8D11-00A0C91BC942}") = "56", "56\56.vcxproj", "{8C2B184B-7BFD-44E3-BE5B-9CDD19DE9610}"
EndProject
Project("{8BC9CEB8-8B4A-11D0-8D11-00A0C91BC942}") = "509", "509\509.vcxproj", "{03DF90C0-F497-4B80-9C3D-4C06E729F548}"
EndProject
Project("{8BC9CEB8-8B4A-11D0-8D11-00A0C91BC942}") = "509_research", "509_research\509_research.vcxproj", "{D3B9B21D-A80F-410E-8683-5624F43E868D}"
EndProject
Project("{8BC9CEB8-8B4A-11D0-8D11-00A0C91BC942}") = "516", "516\516.vcxproj", "{BFC0804E-6BFA-4675-B580-91619925EC03}"
EndProject
Project("{8BC9CEB8-8B4A-11D0-8D11-00A0C91BC942}") = "179", "179\179.vcxproj", "{2A4E4E83-5B47-461F-A5EC-996CBD3802E0}"
EndProject
Project("{8BC9CEB8-8B4A-11D0-8D11-00A0C91BC942}") = "200", "200\200.vcxproj", "{93E5267E-7A54-4E1A-9F3E-2B6D6367095E}"
EndProject
Project("{8BC9CEB8-8B4A-11D0-8D11-00A0C91BC942}") = "207", "207\207.vcxproj", "{5BB820B1-5C08-43ED-93DB-BFCB867F3A8F}"
EndProject
Project("{8BC9CEB8-8B4A-11D0-8D11-00A0C91BC942}") = "212", "212\212.vcxproj", "{3442919A-B81E-461D-AB74-B3FE5ECA11B4}"
EndProject
Project("{8BC9CEB8-8B4A-11D0-8D11-00A0C91BC942}") = "jiang_special", "jiang_special\jiang_special.vcxproj", "{1668849F-7C83-4F6C-B760-6183049F0BCC}"
EndProject
Project("{8BC9CEB8-8B4A-11D0-8D11-00A0C91BC942}") = "269", "269\269.vcxproj", "{546174FF-FCF6-4FA4-8F03-1188B2649862}"
EndProject
Project("{8BC9CEB8-8B4A-11D0-8D11-00A0C91BC942}") = "227", "227\227.vcxproj", "{2F142094-4540-4C9E-A849-75300C98C5D1}"
EndProject
Project("{8BC9CEB8-8B4A-11D0-8D11-00A0C91BC942}") = "347", "347\347.vcxproj", "{AAC9AF25-965F-4634-B017-D159D6A803A3}"
EndProject
Project("{8BC9CEB8-8B4A-11D0-8D11-00A0C91BC942}") = "util", "util\util.vcxproj", "{E722385A-AFBB-41AB-BF01-1045EC65D97C}"
EndProject
Project("{8BC9CEB8-8B4A-11D0-8D11-00A0C91BC942}") = "348", "348\348.vcxproj", "{7FB382E1-093A-440A-9BAF-EDECCC2F9886}"
EndProject
Project("{8BC9CEB8-8B4A-11D0-8D11-00A0C91BC942}") = "378", "378\378.vcxproj", "{FCAC04C6-CB6C-4D07-ACD8-BCA1A4B32C8A}"
EndProject
Project("{8BC9CEB8-8B4A-11D0-8D11-00A0C91BC942}") = "1099", "1099\1099.vcxproj", "{6D5C0309-D452-44DC-B12D-D8D585EA0E03}"
EndProject
Project("{8BC9CEB8-8B4A-11D0-8D11-00A0C91BC942}") = "1", "1\1.vcxproj", "{AFEA615B-0812-4530-9159-C0FF8042F71D}"
EndProject
Project("{8BC9CEB8-8B4A-11D0-8D11-00A0C91BC942}") = "937", "937\937.vcxproj", "{4A715A82-A80F-441D-AB17-3F955108E2FF}"
EndProject
Project("{8BC9CEB8-8B4A-11D0-8D11-00A0C91BC942}") = "21", "21\21.vcxproj", "{425A8D9C-3385-4F13-9DA5-0C53EB9F513F}"
EndProject
Project("{8BC9CEB8-8B4A-11D0-8D11-00A0C91BC942}") = "994", "994\994.vcxproj", "{29F74DF3-EFEB-4096-8A0C-0BD1FC4A81D0}"
EndProject
Project("{8BC9CEB8-8B4A-11D0-8D11-00A0C91BC942}") = "819", "819\819.vcxproj", "{AF261EB3-F0D9-4722-B750-6D06F5B517CD}"
EndProject
Project("{8BC9CEB8-8B4A-11D0-8D11-00A0C91BC942}") = "20", "20\20.vcxproj", "{D3A24CC1-A040-4794-A8AB-21356042F9BD}"
EndProject
Project("{8BC9CEB8-8B4A-11D0-8D11-00A0C91BC942}") = "572", "572\572.vcxproj", "{405235CD-162D-4E0F-A9CD-20C5BE9957A9}"
EndProject
Project("{8BC9CEB8-8B4A-11D0-8D11-00A0C91BC942}") = "146", "146\146.vcxproj", "{41976849-B7C3-4961-A320-5F45BF2840A0}"
EndProject
Project("{8BC9CEB8-8B4A-11D0-8D11-00A0C91BC942}") = "973", "973\973.vcxproj", "{253150AD-B650-45FE-9E6C-C69359E2D779}"
EndProject
Project("{8BC9CEB8-8B4A-11D0-8D11-00A0C91BC942}") = "1167", "1167\1167.vcxproj", "{454E89E9-A0E1-47E9-8060-2C3AEB9A8FD7}"
EndProject
Global
	GlobalSection(SolutionConfigurationPlatforms) = preSolution
		Debug|x64 = Debug|x64
		Debug|x86 = Debug|x86
		Release|x64 = Release|x64
		Release|x86 = Release|x86
	EndGlobalSection
	GlobalSection(ProjectConfigurationPlatforms) = postSolution
		{1FB849FD-13F5-4A03-BF2E-D11B7A4D34C0}.Debug|x64.ActiveCfg = Debug|x64
		{1FB849FD-13F5-4A03-BF2E-D11B7A4D34C0}.Debug|x64.Build.0 = Debug|x64
		{1FB849FD-13F5-4A03-BF2E-D11B7A4D34C0}.Debug|x86.ActiveCfg = Debug|Win32
		{1FB849FD-13F5-4A03-BF2E-D11B7A4D34C0}.Debug|x86.Build.0 = Debug|Win32
		{1FB849FD-13F5-4A03-BF2E-D11B7A4D34C0}.Release|x64.ActiveCfg = Release|x64
		{1FB849FD-13F5-4A03-BF2E-D11B7A4D34C0}.Release|x64.Build.0 = Release|x64
		{1FB849FD-13F5-4A03-BF2E-D11B7A4D34C0}.Release|x86.ActiveCfg = Release|Win32
		{1FB849FD-13F5-4A03-BF2E-D11B7A4D34C0}.Release|x86.Build.0 = Release|Win32
		{0558CBB4-757B-45E4-AD8C-FDF402237642}.Debug|x64.ActiveCfg = Debug|x64
		{0558CBB4-757B-45E4-AD8C-FDF402237642}.Debug|x64.Build.0 = Debug|x64
		{0558CBB4-757B-45E4-AD8C-FDF402237642}.Debug|x86.ActiveCfg = Debug|Win32
		{0558CBB4-757B-45E4-AD8C-FDF402237642}.Debug|x86.Build.0 = Debug|Win32
		{0558CBB4-757B-45E4-AD8C-FDF402237642}.Release|x64.ActiveCfg = Release|x64
		{0558CBB4-757B-45E4-AD8C-FDF402237642}.Release|x64.Build.0 = Release|x64
		{0558CBB4-757B-45E4-AD8C-FDF402237642}.Release|x86.ActiveCfg = Release|Win32
		{0558CBB4-757B-45E4-AD8C-FDF402237642}.Release|x86.Build.0 = Release|Win32
		{45D1A1A8-AF0F-4800-8632-BBA16AC40EE7}.Debug|x64.ActiveCfg = Debug|x64
		{45D1A1A8-AF0F-4800-8632-BBA16AC40EE7}.Debug|x64.Build.0 = Debug|x64
		{45D1A1A8-AF0F-4800-8632-BBA16AC40EE7}.Debug|x86.ActiveCfg = Debug|Win32
		{45D1A1A8-AF0F-4800-8632-BBA16AC40EE7}.Debug|x86.Build.0 = Debug|Win32
		{45D1A1A8-AF0F-4800-8632-BBA16AC40EE7}.Release|x64.ActiveCfg = Release|x64
		{45D1A1A8-AF0F-4800-8632-BBA16AC40EE7}.Release|x64.Build.0 = Release|x64
		{45D1A1A8-AF0F-4800-8632-BBA16AC40EE7}.Release|x86.ActiveCfg = Release|Win32
		{45D1A1A8-AF0F-4800-8632-BBA16AC40EE7}.Release|x86.Build.0 = Release|Win32
		{7B3DF37C-0A4D-4D1E-88EC-B1B8CFCBFBB0}.Debug|x64.ActiveCfg = Debug|x64
		{7B3DF37C-0A4D-4D1E-88EC-B1B8CFCBFBB0}.Debug|x64.Build.0 = Debug|x64
		{7B3DF37C-0A4D-4D1E-88EC-B1B8CFCBFBB0}.Debug|x86.ActiveCfg = Debug|Win32
		{7B3DF37C-0A4D-4D1E-88EC-B1B8CFCBFBB0}.Debug|x86.Build.0 = Debug|Win32
		{7B3DF37C-0A4D-4D1E-88EC-B1B8CFCBFBB0}.Release|x64.ActiveCfg = Release|x64
		{7B3DF37C-0A4D-4D1E-88EC-B1B8CFCBFBB0}.Release|x64.Build.0 = Release|x64
		{7B3DF37C-0A4D-4D1E-88EC-B1B8CFCBFBB0}.Release|x86.ActiveCfg = Release|Win32
		{7B3DF37C-0A4D-4D1E-88EC-B1B8CFCBFBB0}.Release|x86.Build.0 = Release|Win32
		{C3F04563-F9A9-4048-848B-AC6DC88FFA61}.Debug|x64.ActiveCfg = Debug|x64
		{C3F04563-F9A9-4048-848B-AC6DC88FFA61}.Debug|x64.Build.0 = Debug|x64
		{C3F04563-F9A9-4048-848B-AC6DC88FFA61}.Debug|x86.ActiveCfg = Debug|Win32
		{C3F04563-F9A9-4048-848B-AC6DC88FFA61}.Debug|x86.Build.0 = Debug|Win32
		{C3F04563-F9A9-4048-848B-AC6DC88FFA61}.Release|x64.ActiveCfg = Release|x64
		{C3F04563-F9A9-4048-848B-AC6DC88FFA61}.Release|x64.Build.0 = Release|x64
		{C3F04563-F9A9-4048-848B-AC6DC88FFA61}.Release|x86.ActiveCfg = Release|Win32
		{C3F04563-F9A9-4048-848B-AC6DC88FFA61}.Release|x86.Build.0 = Release|Win32
		{2895922E-5EEE-4A8B-ABA7-1F13ED83A17C}.Debug|x64.ActiveCfg = Debug|x64
		{2895922E-5EEE-4A8B-ABA7-1F13ED83A17C}.Debug|x64.Build.0 = Debug|x64
		{2895922E-5EEE-4A8B-ABA7-1F13ED83A17C}.Debug|x86.ActiveCfg = Debug|Win32
		{2895922E-5EEE-4A8B-ABA7-1F13ED83A17C}.Debug|x86.Build.0 = Debug|Win32
		{2895922E-5EEE-4A8B-ABA7-1F13ED83A17C}.Release|x64.ActiveCfg = Release|x64
		{2895922E-5EEE-4A8B-ABA7-1F13ED83A17C}.Release|x64.Build.0 = Release|x64
		{2895922E-5EEE-4A8B-ABA7-1F13ED83A17C}.Release|x86.ActiveCfg = Release|Win32
		{2895922E-5EEE-4A8B-ABA7-1F13ED83A17C}.Release|x86.Build.0 = Release|Win32
		{7B959A5C-2E33-433E-8E27-BB2EA94D039B}.Debug|x64.ActiveCfg = Debug|x64
		{7B959A5C-2E33-433E-8E27-BB2EA94D039B}.Debug|x64.Build.0 = Debug|x64
		{7B959A5C-2E33-433E-8E27-BB2EA94D039B}.Debug|x86.ActiveCfg = Debug|Win32
		{7B959A5C-2E33-433E-8E27-BB2EA94D039B}.Debug|x86.Build.0 = Debug|Win32
		{7B959A5C-2E33-433E-8E27-BB2EA94D039B}.Release|x64.ActiveCfg = Release|x64
		{7B959A5C-2E33-433E-8E27-BB2EA94D039B}.Release|x64.Build.0 = Release|x64
		{7B959A5C-2E33-433E-8E27-BB2EA94D039B}.Release|x86.ActiveCfg = Release|Win32
		{7B959A5C-2E33-433E-8E27-BB2EA94D039B}.Release|x86.Build.0 = Release|Win32
		{47CC4A28-A1E5-437A-BFD0-B991920181E9}.Debug|x64.ActiveCfg = Debug|x64
		{47CC4A28-A1E5-437A-BFD0-B991920181E9}.Debug|x64.Build.0 = Debug|x64
		{47CC4A28-A1E5-437A-BFD0-B991920181E9}.Debug|x86.ActiveCfg = Debug|Win32
		{47CC4A28-A1E5-437A-BFD0-B991920181E9}.Debug|x86.Build.0 = Debug|Win32
		{47CC4A28-A1E5-437A-BFD0-B991920181E9}.Release|x64.ActiveCfg = Release|x64
		{47CC4A28-A1E5-437A-BFD0-B991920181E9}.Release|x64.Build.0 = Release|x64
		{47CC4A28-A1E5-437A-BFD0-B991920181E9}.Release|x86.ActiveCfg = Release|Win32
		{47CC4A28-A1E5-437A-BFD0-B991920181E9}.Release|x86.Build.0 = Release|Win32
		{69CAB0DB-5CE6-4FE7-B5CB-2BD98E56B037}.Debug|x64.ActiveCfg = Debug|x64
		{69CAB0DB-5CE6-4FE7-B5CB-2BD98E56B037}.Debug|x64.Build.0 = Debug|x64
		{69CAB0DB-5CE6-4FE7-B5CB-2BD98E56B037}.Debug|x86.ActiveCfg = Debug|Win32
		{69CAB0DB-5CE6-4FE7-B5CB-2BD98E56B037}.Debug|x86.Build.0 = Debug|Win32
		{69CAB0DB-5CE6-4FE7-B5CB-2BD98E56B037}.Release|x64.ActiveCfg = Release|x64
		{69CAB0DB-5CE6-4FE7-B5CB-2BD98E56B037}.Release|x64.Build.0 = Release|x64
		{69CAB0DB-5CE6-4FE7-B5CB-2BD98E56B037}.Release|x86.ActiveCfg = Release|Win32
		{69CAB0DB-5CE6-4FE7-B5CB-2BD98E56B037}.Release|x86.Build.0 = Release|Win32
		{6A3350CF-4F7C-412C-9BB0-B93E2EE13D2C}.Debug|x64.ActiveCfg = Debug|x64
		{6A3350CF-4F7C-412C-9BB0-B93E2EE13D2C}.Debug|x64.Build.0 = Debug|x64
		{6A3350CF-4F7C-412C-9BB0-B93E2EE13D2C}.Debug|x86.ActiveCfg = Debug|Win32
		{6A3350CF-4F7C-412C-9BB0-B93E2EE13D2C}.Debug|x86.Build.0 = Debug|Win32
		{6A3350CF-4F7C-412C-9BB0-B93E2EE13D2C}.Release|x64.ActiveCfg = Release|x64
		{6A3350CF-4F7C-412C-9BB0-B93E2EE13D2C}.Release|x64.Build.0 = Release|x64
		{6A3350CF-4F7C-412C-9BB0-B93E2EE13D2C}.Release|x86.ActiveCfg = Release|Win32
		{6A3350CF-4F7C-412C-9BB0-B93E2EE13D2C}.Release|x86.Build.0 = Release|Win32
		{2DBD6B3A-7316-4222-AE2D-9618534CE5CE}.Debug|x64.ActiveCfg = Debug|x64
		{2DBD6B3A-7316-4222-AE2D-9618534CE5CE}.Debug|x64.Build.0 = Debug|x64
		{2DBD6B3A-7316-4222-AE2D-9618534CE5CE}.Debug|x86.ActiveCfg = Debug|Win32
		{2DBD6B3A-7316-4222-AE2D-9618534CE5CE}.Debug|x86.Build.0 = Debug|Win32
		{2DBD6B3A-7316-4222-AE2D-9618534CE5CE}.Release|x64.ActiveCfg = Release|x64
		{2DBD6B3A-7316-4222-AE2D-9618534CE5CE}.Release|x64.Build.0 = Release|x64
		{2DBD6B3A-7316-4222-AE2D-9618534CE5CE}.Release|x86.ActiveCfg = Release|Win32
		{2DBD6B3A-7316-4222-AE2D-9618534CE5CE}.Release|x86.Build.0 = Release|Win32
		{CF7D4EED-245A-4258-B525-61FCDBACA39D}.Debug|x64.ActiveCfg = Debug|x64
		{CF7D4EED-245A-4258-B525-61FCDBACA39D}.Debug|x64.Build.0 = Debug|x64
		{CF7D4EED-245A-4258-B525-61FCDBACA39D}.Debug|x86.ActiveCfg = Debug|Win32
		{CF7D4EED-245A-4258-B525-61FCDBACA39D}.Debug|x86.Build.0 = Debug|Win32
		{CF7D4EED-245A-4258-B525-61FCDBACA39D}.Release|x64.ActiveCfg = Release|x64
		{CF7D4EED-245A-4258-B525-61FCDBACA39D}.Release|x64.Build.0 = Release|x64
		{CF7D4EED-245A-4258-B525-61FCDBACA39D}.Release|x86.ActiveCfg = Release|Win32
		{CF7D4EED-245A-4258-B525-61FCDBACA39D}.Release|x86.Build.0 = Release|Win32
		{6B03C957-5ED0-4972-B384-754382DD14C7}.Debug|x64.ActiveCfg = Debug|x64
		{6B03C957-5ED0-4972-B384-754382DD14C7}.Debug|x64.Build.0 = Debug|x64
		{6B03C957-5ED0-4972-B384-754382DD14C7}.Debug|x86.ActiveCfg = Debug|Win32
		{6B03C957-5ED0-4972-B384-754382DD14C7}.Debug|x86.Build.0 = Debug|Win32
		{6B03C957-5ED0-4972-B384-754382DD14C7}.Release|x64.ActiveCfg = Release|x64
		{6B03C957-5ED0-4972-B384-754382DD14C7}.Release|x64.Build.0 = Release|x64
		{6B03C957-5ED0-4972-B384-754382DD14C7}.Release|x86.ActiveCfg = Release|Win32
		{6B03C957-5ED0-4972-B384-754382DD14C7}.Release|x86.Build.0 = Release|Win32
		{1F36AC6B-41E1-4B99-B197-4C30E868C9B7}.Debug|x64.ActiveCfg = Debug|x64
		{1F36AC6B-41E1-4B99-B197-4C30E868C9B7}.Debug|x64.Build.0 = Debug|x64
		{1F36AC6B-41E1-4B99-B197-4C30E868C9B7}.Debug|x86.ActiveCfg = Debug|Win32
		{1F36AC6B-41E1-4B99-B197-4C30E868C9B7}.Debug|x86.Build.0 = Debug|Win32
		{1F36AC6B-41E1-4B99-B197-4C30E868C9B7}.Release|x64.ActiveCfg = Release|x64
		{1F36AC6B-41E1-4B99-B197-4C30E868C9B7}.Release|x64.Build.0 = Release|x64
		{1F36AC6B-41E1-4B99-B197-4C30E868C9B7}.Release|x86.ActiveCfg = Release|Win32
		{1F36AC6B-41E1-4B99-B197-4C30E868C9B7}.Release|x86.Build.0 = Release|Win32
		{9BA784C9-EFF6-4D9D-BB0C-035BD5938653}.Debug|x64.ActiveCfg = Debug|x64
		{9BA784C9-EFF6-4D9D-BB0C-035BD5938653}.Debug|x64.Build.0 = Debug|x64
		{9BA784C9-EFF6-4D9D-BB0C-035BD5938653}.Debug|x86.ActiveCfg = Debug|Win32
		{9BA784C9-EFF6-4D9D-BB0C-035BD5938653}.Debug|x86.Build.0 = Debug|Win32
		{9BA784C9-EFF6-4D9D-BB0C-035BD5938653}.Release|x64.ActiveCfg = Release|x64
		{9BA784C9-EFF6-4D9D-BB0C-035BD5938653}.Release|x64.Build.0 = Release|x64
		{9BA784C9-EFF6-4D9D-BB0C-035BD5938653}.Release|x86.ActiveCfg = Release|Win32
		{9BA784C9-EFF6-4D9D-BB0C-035BD5938653}.Release|x86.Build.0 = Release|Win32
		{73364694-C837-48FE-9123-CE2031AFAC2A}.Debug|x64.ActiveCfg = Debug|x64
		{73364694-C837-48FE-9123-CE2031AFAC2A}.Debug|x64.Build.0 = Debug|x64
		{73364694-C837-48FE-9123-CE2031AFAC2A}.Debug|x86.ActiveCfg = Debug|Win32
		{73364694-C837-48FE-9123-CE2031AFAC2A}.Debug|x86.Build.0 = Debug|Win32
		{73364694-C837-48FE-9123-CE2031AFAC2A}.Release|x64.ActiveCfg = Release|x64
		{73364694-C837-48FE-9123-CE2031AFAC2A}.Release|x64.Build.0 = Release|x64
		{73364694-C837-48FE-9123-CE2031AFAC2A}.Release|x86.ActiveCfg = Release|Win32
		{73364694-C837-48FE-9123-CE2031AFAC2A}.Release|x86.Build.0 = Release|Win32
		{A4869299-A4A9-45C0-B772-DEBD8D1A3EA3}.Debug|x64.ActiveCfg = Debug|x64
		{A4869299-A4A9-45C0-B772-DEBD8D1A3EA3}.Debug|x64.Build.0 = Debug|x64
		{A4869299-A4A9-45C0-B772-DEBD8D1A3EA3}.Debug|x86.ActiveCfg = Debug|Win32
		{A4869299-A4A9-45C0-B772-DEBD8D1A3EA3}.Debug|x86.Build.0 = Debug|Win32
		{A4869299-A4A9-45C0-B772-DEBD8D1A3EA3}.Release|x64.ActiveCfg = Release|x64
		{A4869299-A4A9-45C0-B772-DEBD8D1A3EA3}.Release|x64.Build.0 = Release|x64
		{A4869299-A4A9-45C0-B772-DEBD8D1A3EA3}.Release|x86.ActiveCfg = Release|Win32
		{A4869299-A4A9-45C0-B772-DEBD8D1A3EA3}.Release|x86.Build.0 = Release|Win32
		{392D492D-AA53-41C3-A48F-27AA7763632A}.Debug|x64.ActiveCfg = Debug|x64
		{392D492D-AA53-41C3-A48F-27AA7763632A}.Debug|x64.Build.0 = Debug|x64
		{392D492D-AA53-41C3-A48F-27AA7763632A}.Debug|x86.ActiveCfg = Debug|Win32
		{392D492D-AA53-41C3-A48F-27AA7763632A}.Debug|x86.Build.0 = Debug|Win32
		{392D492D-AA53-41C3-A48F-27AA7763632A}.Release|x64.ActiveCfg = Release|x64
		{392D492D-AA53-41C3-A48F-27AA7763632A}.Release|x64.Build.0 = Release|x64
		{392D492D-AA53-41C3-A48F-27AA7763632A}.Release|x86.ActiveCfg = Release|Win32
		{392D492D-AA53-41C3-A48F-27AA7763632A}.Release|x86.Build.0 = Release|Win32
		{C74999A5-5312-4FA9-ADEC-E1A3579A5D5D}.Debug|x64.ActiveCfg = Debug|x64
		{C74999A5-5312-4FA9-ADEC-E1A3579A5D5D}.Debug|x64.Build.0 = Debug|x64
		{C74999A5-5312-4FA9-ADEC-E1A3579A5D5D}.Debug|x86.ActiveCfg = Debug|Win32
		{C74999A5-5312-4FA9-ADEC-E1A3579A5D5D}.Debug|x86.Build.0 = Debug|Win32
		{C74999A5-5312-4FA9-ADEC-E1A3579A5D5D}.Release|x64.ActiveCfg = Release|x64
		{C74999A5-5312-4FA9-ADEC-E1A3579A5D5D}.Release|x64.Build.0 = Release|x64
		{C74999A5-5312-4FA9-ADEC-E1A3579A5D5D}.Release|x86.ActiveCfg = Release|Win32
		{C74999A5-5312-4FA9-ADEC-E1A3579A5D5D}.Release|x86.Build.0 = Release|Win32
		{BEB470D9-16FF-4E1B-8B33-F87C2D079592}.Debug|x64.ActiveCfg = Debug|x64
		{BEB470D9-16FF-4E1B-8B33-F87C2D079592}.Debug|x64.Build.0 = Debug|x64
		{BEB470D9-16FF-4E1B-8B33-F87C2D079592}.Debug|x86.ActiveCfg = Debug|Win32
		{BEB470D9-16FF-4E1B-8B33-F87C2D079592}.Debug|x86.Build.0 = Debug|Win32
		{BEB470D9-16FF-4E1B-8B33-F87C2D079592}.Release|x64.ActiveCfg = Release|x64
		{BEB470D9-16FF-4E1B-8B33-F87C2D079592}.Release|x64.Build.0 = Release|x64
		{BEB470D9-16FF-4E1B-8B33-F87C2D079592}.Release|x86.ActiveCfg = Release|Win32
		{BEB470D9-16FF-4E1B-8B33-F87C2D079592}.Release|x86.Build.0 = Release|Win32
		{55DA484F-0A00-41EC-BEB5-92967EE7EBAC}.Debug|x64.ActiveCfg = Debug|x64
		{55DA484F-0A00-41EC-BEB5-92967EE7EBAC}.Debug|x64.Build.0 = Debug|x64
		{55DA484F-0A00-41EC-BEB5-92967EE7EBAC}.Debug|x86.ActiveCfg = Debug|Win32
		{55DA484F-0A00-41EC-BEB5-92967EE7EBAC}.Debug|x86.Build.0 = Debug|Win32
		{55DA484F-0A00-41EC-BEB5-92967EE7EBAC}.Release|x64.ActiveCfg = Release|x64
		{55DA484F-0A00-41EC-BEB5-92967EE7EBAC}.Release|x64.Build.0 = Release|x64
		{55DA484F-0A00-41EC-BEB5-92967EE7EBAC}.Release|x86.ActiveCfg = Release|Win32
		{55DA484F-0A00-41EC-BEB5-92967EE7EBAC}.Release|x86.Build.0 = Release|Win32
		{76859B9D-934D-4110-88EF-E7B1CFAC2BC8}.Debug|x64.ActiveCfg = Debug|x64
		{76859B9D-934D-4110-88EF-E7B1CFAC2BC8}.Debug|x64.Build.0 = Debug|x64
		{76859B9D-934D-4110-88EF-E7B1CFAC2BC8}.Debug|x86.ActiveCfg = Debug|Win32
		{76859B9D-934D-4110-88EF-E7B1CFAC2BC8}.Debug|x86.Build.0 = Debug|Win32
		{76859B9D-934D-4110-88EF-E7B1CFAC2BC8}.Release|x64.ActiveCfg = Release|x64
		{76859B9D-934D-4110-88EF-E7B1CFAC2BC8}.Release|x64.Build.0 = Release|x64
		{76859B9D-934D-4110-88EF-E7B1CFAC2BC8}.Release|x86.ActiveCfg = Release|Win32
		{76859B9D-934D-4110-88EF-E7B1CFAC2BC8}.Release|x86.Build.0 = Release|Win32
		{36378A00-49FD-4F99-A20E-0CB2D6C87162}.Debug|x64.ActiveCfg = Debug|x64
		{36378A00-49FD-4F99-A20E-0CB2D6C87162}.Debug|x64.Build.0 = Debug|x64
		{36378A00-49FD-4F99-A20E-0CB2D6C87162}.Debug|x86.ActiveCfg = Debug|Win32
		{36378A00-49FD-4F99-A20E-0CB2D6C87162}.Debug|x86.Build.0 = Debug|Win32
		{36378A00-49FD-4F99-A20E-0CB2D6C87162}.Release|x64.ActiveCfg = Release|x64
		{36378A00-49FD-4F99-A20E-0CB2D6C87162}.Release|x64.Build.0 = Release|x64
		{36378A00-49FD-4F99-A20E-0CB2D6C87162}.Release|x86.ActiveCfg = Release|Win32
		{36378A00-49FD-4F99-A20E-0CB2D6C87162}.Release|x86.Build.0 = Release|Win32
		{A6D124F3-3825-4756-ACCF-5D9582EA65CA}.Debug|x64.ActiveCfg = Debug|x64
		{A6D124F3-3825-4756-ACCF-5D9582EA65CA}.Debug|x64.Build.0 = Debug|x64
		{A6D124F3-3825-4756-ACCF-5D9582EA65CA}.Debug|x86.ActiveCfg = Debug|Win32
		{A6D124F3-3825-4756-ACCF-5D9582EA65CA}.Debug|x86.Build.0 = Debug|Win32
		{A6D124F3-3825-4756-ACCF-5D9582EA65CA}.Release|x64.ActiveCfg = Release|x64
		{A6D124F3-3825-4756-ACCF-5D9582EA65CA}.Release|x64.Build.0 = Release|x64
		{A6D124F3-3825-4756-ACCF-5D9582EA65CA}.Release|x86.ActiveCfg = Release|Win32
		{A6D124F3-3825-4756-ACCF-5D9582EA65CA}.Release|x86.Build.0 = Release|Win32
		{0A694E60-887E-43EB-8606-7588D7ACA426}.Debug|x64.ActiveCfg = Debug|x64
		{0A694E60-887E-43EB-8606-7588D7ACA426}.Debug|x64.Build.0 = Debug|x64
		{0A694E60-887E-43EB-8606-7588D7ACA426}.Debug|x86.ActiveCfg = Debug|Win32
		{0A694E60-887E-43EB-8606-7588D7ACA426}.Debug|x86.Build.0 = Debug|Win32
		{0A694E60-887E-43EB-8606-7588D7ACA426}.Release|x64.ActiveCfg = Release|x64
		{0A694E60-887E-43EB-8606-7588D7ACA426}.Release|x64.Build.0 = Release|x64
		{0A694E60-887E-43EB-8606-7588D7ACA426}.Release|x86.ActiveCfg = Release|Win32
		{0A694E60-887E-43EB-8606-7588D7ACA426}.Release|x86.Build.0 = Release|Win32
		{FA44FF59-AA36-46D8-BD17-76B1E3AB0251}.Debug|x64.ActiveCfg = Debug|x64
		{FA44FF59-AA36-46D8-BD17-76B1E3AB0251}.Debug|x64.Build.0 = Debug|x64
		{FA44FF59-AA36-46D8-BD17-76B1E3AB0251}.Debug|x86.ActiveCfg = Debug|Win32
		{FA44FF59-AA36-46D8-BD17-76B1E3AB0251}.Debug|x86.Build.0 = Debug|Win32
		{FA44FF59-AA36-46D8-BD17-76B1E3AB0251}.Release|x64.ActiveCfg = Release|x64
		{FA44FF59-AA36-46D8-BD17-76B1E3AB0251}.Release|x64.Build.0 = Release|x64
		{FA44FF59-AA36-46D8-BD17-76B1E3AB0251}.Release|x86.ActiveCfg = Release|Win32
		{FA44FF59-AA36-46D8-BD17-76B1E3AB0251}.Release|x86.Build.0 = Release|Win32
		{64837C6E-6A1B-48BE-895C-89BEB1ECA74F}.Debug|x64.ActiveCfg = Debug|x64
		{64837C6E-6A1B-48BE-895C-89BEB1ECA74F}.Debug|x64.Build.0 = Debug|x64
		{64837C6E-6A1B-48BE-895C-89BEB1ECA74F}.Debug|x86.ActiveCfg = Debug|Win32
		{64837C6E-6A1B-48BE-895C-89BEB1ECA74F}.Debug|x86.Build.0 = Debug|Win32
		{64837C6E-6A1B-48BE-895C-89BEB1ECA74F}.Release|x64.ActiveCfg = Release|x64
		{64837C6E-6A1B-48BE-895C-89BEB1ECA74F}.Release|x64.Build.0 = Release|x64
		{64837C6E-6A1B-48BE-895C-89BEB1ECA74F}.Release|x86.ActiveCfg = Release|Win32
		{64837C6E-6A1B-48BE-895C-89BEB1ECA74F}.Release|x86.Build.0 = Release|Win32
		{C9AD131E-7FAA-45A0-803D-46D0270F8E06}.Debug|x64.ActiveCfg = Debug|x64
		{C9AD131E-7FAA-45A0-803D-46D0270F8E06}.Debug|x64.Build.0 = Debug|x64
		{C9AD131E-7FAA-45A0-803D-46D0270F8E06}.Debug|x86.ActiveCfg = Debug|Win32
		{C9AD131E-7FAA-45A0-803D-46D0270F8E06}.Debug|x86.Build.0 = Debug|Win32
		{C9AD131E-7FAA-45A0-803D-46D0270F8E06}.Release|x64.ActiveCfg = Release|x64
		{C9AD131E-7FAA-45A0-803D-46D0270F8E06}.Release|x64.Build.0 = Release|x64
		{C9AD131E-7FAA-45A0-803D-46D0270F8E06}.Release|x86.ActiveCfg = Release|Win32
		{C9AD131E-7FAA-45A0-803D-46D0270F8E06}.Release|x86.Build.0 = Release|Win32
		{13E03000-D4BE-4758-BB7F-14CA7C4E3896}.Debug|x64.ActiveCfg = Debug|x64
		{13E03000-D4BE-4758-BB7F-14CA7C4E3896}.Debug|x64.Build.0 = Debug|x64
		{13E03000-D4BE-4758-BB7F-14CA7C4E3896}.Debug|x86.ActiveCfg = Debug|Win32
		{13E03000-D4BE-4758-BB7F-14CA7C4E3896}.Debug|x86.Build.0 = Debug|Win32
		{13E03000-D4BE-4758-BB7F-14CA7C4E3896}.Release|x64.ActiveCfg = Release|x64
		{13E03000-D4BE-4758-BB7F-14CA7C4E3896}.Release|x64.Build.0 = Release|x64
		{13E03000-D4BE-4758-BB7F-14CA7C4E3896}.Release|x86.ActiveCfg = Release|Win32
		{13E03000-D4BE-4758-BB7F-14CA7C4E3896}.Release|x86.Build.0 = Release|Win32
		{E5FED32C-143C-4A75-90BE-AE10EF4BA91F}.Debug|x64.ActiveCfg = Debug|x64
		{E5FED32C-143C-4A75-90BE-AE10EF4BA91F}.Debug|x64.Build.0 = Debug|x64
		{E5FED32C-143C-4A75-90BE-AE10EF4BA91F}.Debug|x86.ActiveCfg = Debug|Win32
		{E5FED32C-143C-4A75-90BE-AE10EF4BA91F}.Debug|x86.Build.0 = Debug|Win32
		{E5FED32C-143C-4A75-90BE-AE10EF4BA91F}.Release|x64.ActiveCfg = Release|x64
		{E5FED32C-143C-4A75-90BE-AE10EF4BA91F}.Release|x64.Build.0 = Release|x64
		{E5FED32C-143C-4A75-90BE-AE10EF4BA91F}.Release|x86.ActiveCfg = Release|Win32
		{E5FED32C-143C-4A75-90BE-AE10EF4BA91F}.Release|x86.Build.0 = Release|Win32
		{A595188F-8E1A-4DA3-B449-C61E092BF394}.Debug|x64.ActiveCfg = Debug|x64
		{A595188F-8E1A-4DA3-B449-C61E092BF394}.Debug|x64.Build.0 = Debug|x64
		{A595188F-8E1A-4DA3-B449-C61E092BF394}.Debug|x86.ActiveCfg = Debug|Win32
		{A595188F-8E1A-4DA3-B449-C61E092BF394}.Debug|x86.Build.0 = Debug|Win32
		{A595188F-8E1A-4DA3-B449-C61E092BF394}.Release|x64.ActiveCfg = Release|x64
		{A595188F-8E1A-4DA3-B449-C61E092BF394}.Release|x64.Build.0 = Release|x64
		{A595188F-8E1A-4DA3-B449-C61E092BF394}.Release|x86.ActiveCfg = Release|Win32
		{A595188F-8E1A-4DA3-B449-C61E092BF394}.Release|x86.Build.0 = Release|Win32
		{EB753034-4A68-41AC-85E0-DCE3A11FC06D}.Debug|x64.ActiveCfg = Debug|x64
		{EB753034-4A68-41AC-85E0-DCE3A11FC06D}.Debug|x64.Build.0 = Debug|x64
		{EB753034-4A68-41AC-85E0-DCE3A11FC06D}.Debug|x86.ActiveCfg = Debug|Win32
		{EB753034-4A68-41AC-85E0-DCE3A11FC06D}.Debug|x86.Build.0 = Debug|Win32
		{EB753034-4A68-41AC-85E0-DCE3A11FC06D}.Release|x64.ActiveCfg = Release|x64
		{EB753034-4A68-41AC-85E0-DCE3A11FC06D}.Release|x64.Build.0 = Release|x64
		{EB753034-4A68-41AC-85E0-DCE3A11FC06D}.Release|x86.ActiveCfg = Release|Win32
		{EB753034-4A68-41AC-85E0-DCE3A11FC06D}.Release|x86.Build.0 = Release|Win32
		{4833750E-44F3-4731-A66B-E1275201DFCB}.Debug|x64.ActiveCfg = Debug|x64
		{4833750E-44F3-4731-A66B-E1275201DFCB}.Debug|x64.Build.0 = Debug|x64
		{4833750E-44F3-4731-A66B-E1275201DFCB}.Debug|x86.ActiveCfg = Debug|Win32
		{4833750E-44F3-4731-A66B-E1275201DFCB}.Debug|x86.Build.0 = Debug|Win32
		{4833750E-44F3-4731-A66B-E1275201DFCB}.Release|x64.ActiveCfg = Release|x64
		{4833750E-44F3-4731-A66B-E1275201DFCB}.Release|x64.Build.0 = Release|x64
		{4833750E-44F3-4731-A66B-E1275201DFCB}.Release|x86.ActiveCfg = Release|Win32
		{4833750E-44F3-4731-A66B-E1275201DFCB}.Release|x86.Build.0 = Release|Win32
		{E5FCB735-94AC-4D34-8036-08D5C103040C}.Debug|x64.ActiveCfg = Debug|x64
		{E5FCB735-94AC-4D34-8036-08D5C103040C}.Debug|x64.Build.0 = Debug|x64
		{E5FCB735-94AC-4D34-8036-08D5C103040C}.Debug|x86.ActiveCfg = Debug|Win32
		{E5FCB735-94AC-4D34-8036-08D5C103040C}.Debug|x86.Build.0 = Debug|Win32
		{E5FCB735-94AC-4D34-8036-08D5C103040C}.Release|x64.ActiveCfg = Release|x64
		{E5FCB735-94AC-4D34-8036-08D5C103040C}.Release|x64.Build.0 = Release|x64
		{E5FCB735-94AC-4D34-8036-08D5C103040C}.Release|x86.ActiveCfg = Release|Win32
		{E5FCB735-94AC-4D34-8036-08D5C103040C}.Release|x86.Build.0 = Release|Win32
		{F7400982-40FE-422B-ABDE-D966A39EBCA1}.Debug|x64.ActiveCfg = Debug|x64
		{F7400982-40FE-422B-ABDE-D966A39EBCA1}.Debug|x64.Build.0 = Debug|x64
		{F7400982-40FE-422B-ABDE-D966A39EBCA1}.Debug|x86.ActiveCfg = Debug|Win32
		{F7400982-40FE-422B-ABDE-D966A39EBCA1}.Debug|x86.Build.0 = Debug|Win32
		{F7400982-40FE-422B-ABDE-D966A39EBCA1}.Release|x64.ActiveCfg = Release|x64
		{F7400982-40FE-422B-ABDE-D966A39EBCA1}.Release|x64.Build.0 = Release|x64
		{F7400982-40FE-422B-ABDE-D966A39EBCA1}.Release|x86.ActiveCfg = Release|Win32
		{F7400982-40FE-422B-ABDE-D966A39EBCA1}.Release|x86.Build.0 = Release|Win32
		{815F69BA-BE13-43AE-88B3-6F79295E6360}.Debug|x64.ActiveCfg = Debug|x64
		{815F69BA-BE13-43AE-88B3-6F79295E6360}.Debug|x64.Build.0 = Debug|x64
		{815F69BA-BE13-43AE-88B3-6F79295E6360}.Debug|x86.ActiveCfg = Debug|Win32
		{815F69BA-BE13-43AE-88B3-6F79295E6360}.Debug|x86.Build.0 = Debug|Win32
		{815F69BA-BE13-43AE-88B3-6F79295E6360}.Release|x64.ActiveCfg = Release|x64
		{815F69BA-BE13-43AE-88B3-6F79295E6360}.Release|x64.Build.0 = Release|x64
		{815F69BA-BE13-43AE-88B3-6F79295E6360}.Release|x86.ActiveCfg = Release|Win32
		{815F69BA-BE13-43AE-88B3-6F79295E6360}.Release|x86.Build.0 = Release|Win32
		{1E79C3BE-0834-4543-BA40-3B599CDFED7B}.Debug|x64.ActiveCfg = Debug|x64
		{1E79C3BE-0834-4543-BA40-3B599CDFED7B}.Debug|x64.Build.0 = Debug|x64
		{1E79C3BE-0834-4543-BA40-3B599CDFED7B}.Debug|x86.ActiveCfg = Debug|Win32
		{1E79C3BE-0834-4543-BA40-3B599CDFED7B}.Debug|x86.Build.0 = Debug|Win32
		{1E79C3BE-0834-4543-BA40-3B599CDFED7B}.Release|x64.ActiveCfg = Release|x64
		{1E79C3BE-0834-4543-BA40-3B599CDFED7B}.Release|x64.Build.0 = Release|x64
		{1E79C3BE-0834-4543-BA40-3B599CDFED7B}.Release|x86.ActiveCfg = Release|Win32
		{1E79C3BE-0834-4543-BA40-3B599CDFED7B}.Release|x86.Build.0 = Release|Win32
		{539C8775-CC55-4DF9-82D7-262D7EF805C6}.Debug|x64.ActiveCfg = Debug|x64
		{539C8775-CC55-4DF9-82D7-262D7EF805C6}.Debug|x64.Build.0 = Debug|x64
		{539C8775-CC55-4DF9-82D7-262D7EF805C6}.Debug|x86.ActiveCfg = Debug|Win32
		{539C8775-CC55-4DF9-82D7-262D7EF805C6}.Debug|x86.Build.0 = Debug|Win32
		{539C8775-CC55-4DF9-82D7-262D7EF805C6}.Release|x64.ActiveCfg = Release|x64
		{539C8775-CC55-4DF9-82D7-262D7EF805C6}.Release|x64.Build.0 = Release|x64
		{539C8775-CC55-4DF9-82D7-262D7EF805C6}.Release|x86.ActiveCfg = Release|Win32
		{539C8775-CC55-4DF9-82D7-262D7EF805C6}.Release|x86.Build.0 = Release|Win32
		{DEE3EDB3-5050-4257-A5F7-4C95890FF898}.Debug|x64.ActiveCfg = Debug|x64
		{DEE3EDB3-5050-4257-A5F7-4C95890FF898}.Debug|x64.Build.0 = Debug|x64
		{DEE3EDB3-5050-4257-A5F7-4C95890FF898}.Debug|x86.ActiveCfg = Debug|Win32
		{DEE3EDB3-5050-4257-A5F7-4C95890FF898}.Debug|x86.Build.0 = Debug|Win32
		{DEE3EDB3-5050-4257-A5F7-4C95890FF898}.Release|x64.ActiveCfg = Release|x64
		{DEE3EDB3-5050-4257-A5F7-4C95890FF898}.Release|x64.Build.0 = Release|x64
		{DEE3EDB3-5050-4257-A5F7-4C95890FF898}.Release|x86.ActiveCfg = Release|Win32
		{DEE3EDB3-5050-4257-A5F7-4C95890FF898}.Release|x86.Build.0 = Release|Win32
		{2481C640-1F90-4F4D-A98D-A9CE7EF035A3}.Debug|x64.ActiveCfg = Debug|x64
		{2481C640-1F90-4F4D-A98D-A9CE7EF035A3}.Debug|x64.Build.0 = Debug|x64
		{2481C640-1F90-4F4D-A98D-A9CE7EF035A3}.Debug|x86.ActiveCfg = Debug|Win32
		{2481C640-1F90-4F4D-A98D-A9CE7EF035A3}.Debug|x86.Build.0 = Debug|Win32
		{2481C640-1F90-4F4D-A98D-A9CE7EF035A3}.Release|x64.ActiveCfg = Release|x64
		{2481C640-1F90-4F4D-A98D-A9CE7EF035A3}.Release|x64.Build.0 = Release|x64
		{2481C640-1F90-4F4D-A98D-A9CE7EF035A3}.Release|x86.ActiveCfg = Release|Win32
		{2481C640-1F90-4F4D-A98D-A9CE7EF035A3}.Release|x86.Build.0 = Release|Win32
		{C3EA7C2E-2D09-487D-A0AF-F1D56622D3AD}.Debug|x64.ActiveCfg = Debug|x64
		{C3EA7C2E-2D09-487D-A0AF-F1D56622D3AD}.Debug|x64.Build.0 = Debug|x64
		{C3EA7C2E-2D09-487D-A0AF-F1D56622D3AD}.Debug|x86.ActiveCfg = Debug|Win32
		{C3EA7C2E-2D09-487D-A0AF-F1D56622D3AD}.Debug|x86.Build.0 = Debug|Win32
		{C3EA7C2E-2D09-487D-A0AF-F1D56622D3AD}.Release|x64.ActiveCfg = Release|x64
		{C3EA7C2E-2D09-487D-A0AF-F1D56622D3AD}.Release|x64.Build.0 = Release|x64
		{C3EA7C2E-2D09-487D-A0AF-F1D56622D3AD}.Release|x86.ActiveCfg = Release|Win32
		{C3EA7C2E-2D09-487D-A0AF-F1D56622D3AD}.Release|x86.Build.0 = Release|Win32
		{76EE58E7-4E0B-4B79-87E7-41C925F5A8F4}.Debug|x64.ActiveCfg = Debug|x64
		{76EE58E7-4E0B-4B79-87E7-41C925F5A8F4}.Debug|x64.Build.0 = Debug|x64
		{76EE58E7-4E0B-4B79-87E7-41C925F5A8F4}.Debug|x86.ActiveCfg = Debug|Win32
		{76EE58E7-4E0B-4B79-87E7-41C925F5A8F4}.Debug|x86.Build.0 = Debug|Win32
		{76EE58E7-4E0B-4B79-87E7-41C925F5A8F4}.Release|x64.ActiveCfg = Release|x64
		{76EE58E7-4E0B-4B79-87E7-41C925F5A8F4}.Release|x64.Build.0 = Release|x64
		{76EE58E7-4E0B-4B79-87E7-41C925F5A8F4}.Release|x86.ActiveCfg = Release|Win32
		{76EE58E7-4E0B-4B79-87E7-41C925F5A8F4}.Release|x86.Build.0 = Release|Win32
		{6905CFE3-8D6F-4A83-9797-50EECD34E084}.Debug|x64.ActiveCfg = Debug|x64
		{6905CFE3-8D6F-4A83-9797-50EECD34E084}.Debug|x64.Build.0 = Debug|x64
		{6905CFE3-8D6F-4A83-9797-50EECD34E084}.Debug|x86.ActiveCfg = Debug|Win32
		{6905CFE3-8D6F-4A83-9797-50EECD34E084}.Debug|x86.Build.0 = Debug|Win32
		{6905CFE3-8D6F-4A83-9797-50EECD34E084}.Release|x64.ActiveCfg = Release|x64
		{6905CFE3-8D6F-4A83-9797-50EECD34E084}.Release|x64.Build.0 = Release|x64
		{6905CFE3-8D6F-4A83-9797-50EECD34E084}.Release|x86.ActiveCfg = Release|Win32
		{6905CFE3-8D6F-4A83-9797-50EECD34E084}.Release|x86.Build.0 = Release|Win32
		{0E448537-3FFA-42C0-B49B-0E1FB02167EC}.Debug|x64.ActiveCfg = Debug|x64
		{0E448537-3FFA-42C0-B49B-0E1FB02167EC}.Debug|x64.Build.0 = Debug|x64
		{0E448537-3FFA-42C0-B49B-0E1FB02167EC}.Debug|x86.ActiveCfg = Debug|Win32
		{0E448537-3FFA-42C0-B49B-0E1FB02167EC}.Debug|x86.Build.0 = Debug|Win32
		{0E448537-3FFA-42C0-B49B-0E1FB02167EC}.Release|x64.ActiveCfg = Release|x64
		{0E448537-3FFA-42C0-B49B-0E1FB02167EC}.Release|x64.Build.0 = Release|x64
		{0E448537-3FFA-42C0-B49B-0E1FB02167EC}.Release|x86.ActiveCfg = Release|Win32
		{0E448537-3FFA-42C0-B49B-0E1FB02167EC}.Release|x86.Build.0 = Release|Win32
		{C9DAA1D0-0229-42E9-9048-579C86D01254}.Debug|x64.ActiveCfg = Debug|x64
		{C9DAA1D0-0229-42E9-9048-579C86D01254}.Debug|x64.Build.0 = Debug|x64
		{C9DAA1D0-0229-42E9-9048-579C86D01254}.Debug|x86.ActiveCfg = Debug|Win32
		{C9DAA1D0-0229-42E9-9048-579C86D01254}.Debug|x86.Build.0 = Debug|Win32
		{C9DAA1D0-0229-42E9-9048-579C86D01254}.Release|x64.ActiveCfg = Release|x64
		{C9DAA1D0-0229-42E9-9048-579C86D01254}.Release|x64.Build.0 = Release|x64
		{C9DAA1D0-0229-42E9-9048-579C86D01254}.Release|x86.ActiveCfg = Release|Win32
		{C9DAA1D0-0229-42E9-9048-579C86D01254}.Release|x86.Build.0 = Release|Win32
		{4B912692-23BB-4A99-BDC8-A8D5D7CEA429}.Debug|x64.ActiveCfg = Debug|x64
		{4B912692-23BB-4A99-BDC8-A8D5D7CEA429}.Debug|x64.Build.0 = Debug|x64
		{4B912692-23BB-4A99-BDC8-A8D5D7CEA429}.Debug|x86.ActiveCfg = Debug|Win32
		{4B912692-23BB-4A99-BDC8-A8D5D7CEA429}.Debug|x86.Build.0 = Debug|Win32
		{4B912692-23BB-4A99-BDC8-A8D5D7CEA429}.Release|x64.ActiveCfg = Release|x64
		{4B912692-23BB-4A99-BDC8-A8D5D7CEA429}.Release|x64.Build.0 = Release|x64
		{4B912692-23BB-4A99-BDC8-A8D5D7CEA429}.Release|x86.ActiveCfg = Release|Win32
		{4B912692-23BB-4A99-BDC8-A8D5D7CEA429}.Release|x86.Build.0 = Release|Win32
		{82524219-E36E-4691-9776-094EEF8EC752}.Debug|x64.ActiveCfg = Debug|x64
		{82524219-E36E-4691-9776-094EEF8EC752}.Debug|x64.Build.0 = Debug|x64
		{82524219-E36E-4691-9776-094EEF8EC752}.Debug|x86.ActiveCfg = Debug|Win32
		{82524219-E36E-4691-9776-094EEF8EC752}.Debug|x86.Build.0 = Debug|Win32
		{82524219-E36E-4691-9776-094EEF8EC752}.Release|x64.ActiveCfg = Release|x64
		{82524219-E36E-4691-9776-094EEF8EC752}.Release|x64.Build.0 = Release|x64
		{82524219-E36E-4691-9776-094EEF8EC752}.Release|x86.ActiveCfg = Release|Win32
		{82524219-E36E-4691-9776-094EEF8EC752}.Release|x86.Build.0 = Release|Win32
		{5320C7E4-7262-4FB8-8840-54FA9C4E7617}.Debug|x64.ActiveCfg = Debug|x64
		{5320C7E4-7262-4FB8-8840-54FA9C4E7617}.Debug|x64.Build.0 = Debug|x64
		{5320C7E4-7262-4FB8-8840-54FA9C4E7617}.Debug|x86.ActiveCfg = Debug|Win32
		{5320C7E4-7262-4FB8-8840-54FA9C4E7617}.Debug|x86.Build.0 = Debug|Win32
		{5320C7E4-7262-4FB8-8840-54FA9C4E7617}.Release|x64.ActiveCfg = Release|x64
		{5320C7E4-7262-4FB8-8840-54FA9C4E7617}.Release|x64.Build.0 = Release|x64
		{5320C7E4-7262-4FB8-8840-54FA9C4E7617}.Release|x86.ActiveCfg = Release|Win32
		{5320C7E4-7262-4FB8-8840-54FA9C4E7617}.Release|x86.Build.0 = Release|Win32
		{DB58FDB8-185E-4BC6-A5F9-63F3E8E8BA06}.Debug|x64.ActiveCfg = Debug|x64
		{DB58FDB8-185E-4BC6-A5F9-63F3E8E8BA06}.Debug|x64.Build.0 = Debug|x64
		{DB58FDB8-185E-4BC6-A5F9-63F3E8E8BA06}.Debug|x86.ActiveCfg = Debug|Win32
		{DB58FDB8-185E-4BC6-A5F9-63F3E8E8BA06}.Debug|x86.Build.0 = Debug|Win32
		{DB58FDB8-185E-4BC6-A5F9-63F3E8E8BA06}.Release|x64.ActiveCfg = Release|x64
		{DB58FDB8-185E-4BC6-A5F9-63F3E8E8BA06}.Release|x64.Build.0 = Release|x64
		{DB58FDB8-185E-4BC6-A5F9-63F3E8E8BA06}.Release|x86.ActiveCfg = Release|Win32
		{DB58FDB8-185E-4BC6-A5F9-63F3E8E8BA06}.Release|x86.Build.0 = Release|Win32
		{832D31AB-A19F-4889-9859-636FB4480E92}.Debug|x64.ActiveCfg = Debug|x64
		{832D31AB-A19F-4889-9859-636FB4480E92}.Debug|x64.Build.0 = Debug|x64
		{832D31AB-A19F-4889-9859-636FB4480E92}.Debug|x86.ActiveCfg = Debug|Win32
		{832D31AB-A19F-4889-9859-636FB4480E92}.Debug|x86.Build.0 = Debug|Win32
		{832D31AB-A19F-4889-9859-636FB4480E92}.Release|x64.ActiveCfg = Release|x64
		{832D31AB-A19F-4889-9859-636FB4480E92}.Release|x64.Build.0 = Release|x64
		{832D31AB-A19F-4889-9859-636FB4480E92}.Release|x86.ActiveCfg = Release|Win32
		{832D31AB-A19F-4889-9859-636FB4480E92}.Release|x86.Build.0 = Release|Win32
		{89790CDD-20A7-4AC4-B201-1279C565AB70}.Debug|x64.ActiveCfg = Debug|x64
		{89790CDD-20A7-4AC4-B201-1279C565AB70}.Debug|x64.Build.0 = Debug|x64
		{89790CDD-20A7-4AC4-B201-1279C565AB70}.Debug|x86.ActiveCfg = Debug|Win32
		{89790CDD-20A7-4AC4-B201-1279C565AB70}.Debug|x86.Build.0 = Debug|Win32
		{89790CDD-20A7-4AC4-B201-1279C565AB70}.Release|x64.ActiveCfg = Release|x64
		{89790CDD-20A7-4AC4-B201-1279C565AB70}.Release|x64.Build.0 = Release|x64
		{89790CDD-20A7-4AC4-B201-1279C565AB70}.Release|x86.ActiveCfg = Release|Win32
		{89790CDD-20A7-4AC4-B201-1279C565AB70}.Release|x86.Build.0 = Release|Win32
		{FC4CC5D0-A01E-4B52-A63C-C379CC17EE34}.Debug|x64.ActiveCfg = Debug|x64
		{FC4CC5D0-A01E-4B52-A63C-C379CC17EE34}.Debug|x64.Build.0 = Debug|x64
		{FC4CC5D0-A01E-4B52-A63C-C379CC17EE34}.Debug|x86.ActiveCfg = Debug|Win32
		{FC4CC5D0-A01E-4B52-A63C-C379CC17EE34}.Debug|x86.Build.0 = Debug|Win32
		{FC4CC5D0-A01E-4B52-A63C-C379CC17EE34}.Release|x64.ActiveCfg = Release|x64
		{FC4CC5D0-A01E-4B52-A63C-C379CC17EE34}.Release|x64.Build.0 = Release|x64
		{FC4CC5D0-A01E-4B52-A63C-C379CC17EE34}.Release|x86.ActiveCfg = Release|Win32
		{FC4CC5D0-A01E-4B52-A63C-C379CC17EE34}.Release|x86.Build.0 = Release|Win32
		{0C4DB90E-E96D-484E-B0C4-00A74E89C6B1}.Debug|x64.ActiveCfg = Debug|x64
		{0C4DB90E-E96D-484E-B0C4-00A74E89C6B1}.Debug|x64.Build.0 = Debug|x64
		{0C4DB90E-E96D-484E-B0C4-00A74E89C6B1}.Debug|x86.ActiveCfg = Debug|Win32
		{0C4DB90E-E96D-484E-B0C4-00A74E89C6B1}.Debug|x86.Build.0 = Debug|Win32
		{0C4DB90E-E96D-484E-B0C4-00A74E89C6B1}.Release|x64.ActiveCfg = Release|x64
		{0C4DB90E-E96D-484E-B0C4-00A74E89C6B1}.Release|x64.Build.0 = Release|x64
		{0C4DB90E-E96D-484E-B0C4-00A74E89C6B1}.Release|x86.ActiveCfg = Release|Win32
		{0C4DB90E-E96D-484E-B0C4-00A74E89C6B1}.Release|x86.Build.0 = Release|Win32
		{CBD14C70-992A-4852-9009-AA627CAA1468}.Debug|x64.ActiveCfg = Debug|x64
		{CBD14C70-992A-4852-9009-AA627CAA1468}.Debug|x64.Build.0 = Debug|x64
		{CBD14C70-992A-4852-9009-AA627CAA1468}.Debug|x86.ActiveCfg = Debug|Win32
		{CBD14C70-992A-4852-9009-AA627CAA1468}.Debug|x86.Build.0 = Debug|Win32
		{CBD14C70-992A-4852-9009-AA627CAA1468}.Release|x64.ActiveCfg = Release|x64
		{CBD14C70-992A-4852-9009-AA627CAA1468}.Release|x64.Build.0 = Release|x64
		{CBD14C70-992A-4852-9009-AA627CAA1468}.Release|x86.ActiveCfg = Release|Win32
		{CBD14C70-992A-4852-9009-AA627CAA1468}.Release|x86.Build.0 = Release|Win32
		{994C4C07-654B-4D1A-9AC1-8FF07CB26624}.Debug|x64.ActiveCfg = Debug|x64
		{994C4C07-654B-4D1A-9AC1-8FF07CB26624}.Debug|x64.Build.0 = Debug|x64
		{994C4C07-654B-4D1A-9AC1-8FF07CB26624}.Debug|x86.ActiveCfg = Debug|Win32
		{994C4C07-654B-4D1A-9AC1-8FF07CB26624}.Debug|x86.Build.0 = Debug|Win32
		{994C4C07-654B-4D1A-9AC1-8FF07CB26624}.Release|x64.ActiveCfg = Release|x64
		{994C4C07-654B-4D1A-9AC1-8FF07CB26624}.Release|x64.Build.0 = Release|x64
		{994C4C07-654B-4D1A-9AC1-8FF07CB26624}.Release|x86.ActiveCfg = Release|Win32
		{994C4C07-654B-4D1A-9AC1-8FF07CB26624}.Release|x86.Build.0 = Release|Win32
		{CE947ABB-0892-456C-92CC-03A0E7D98A7E}.Debug|x64.ActiveCfg = Debug|x64
		{CE947ABB-0892-456C-92CC-03A0E7D98A7E}.Debug|x64.Build.0 = Debug|x64
		{CE947ABB-0892-456C-92CC-03A0E7D98A7E}.Debug|x86.ActiveCfg = Debug|Win32
		{CE947ABB-0892-456C-92CC-03A0E7D98A7E}.Debug|x86.Build.0 = Debug|Win32
		{CE947ABB-0892-456C-92CC-03A0E7D98A7E}.Release|x64.ActiveCfg = Release|x64
		{CE947ABB-0892-456C-92CC-03A0E7D98A7E}.Release|x64.Build.0 = Release|x64
		{CE947ABB-0892-456C-92CC-03A0E7D98A7E}.Release|x86.ActiveCfg = Release|Win32
		{CE947ABB-0892-456C-92CC-03A0E7D98A7E}.Release|x86.Build.0 = Release|Win32
		{0DB29C21-C81E-4CDE-9E1E-5B28432ED268}.Debug|x64.ActiveCfg = Debug|x64
		{0DB29C21-C81E-4CDE-9E1E-5B28432ED268}.Debug|x64.Build.0 = Debug|x64
		{0DB29C21-C81E-4CDE-9E1E-5B28432ED268}.Debug|x86.ActiveCfg = Debug|Win32
		{0DB29C21-C81E-4CDE-9E1E-5B28432ED268}.Debug|x86.Build.0 = Debug|Win32
		{0DB29C21-C81E-4CDE-9E1E-5B28432ED268}.Release|x64.ActiveCfg = Release|x64
		{0DB29C21-C81E-4CDE-9E1E-5B28432ED268}.Release|x64.Build.0 = Release|x64
		{0DB29C21-C81E-4CDE-9E1E-5B28432ED268}.Release|x86.ActiveCfg = Release|Win32
		{0DB29C21-C81E-4CDE-9E1E-5B28432ED268}.Release|x86.Build.0 = Release|Win32
		{AD3E73FF-0687-4D9C-B229-A82C6476EE4F}.Debug|x64.ActiveCfg = Debug|x64
		{AD3E73FF-0687-4D9C-B229-A82C6476EE4F}.Debug|x64.Build.0 = Debug|x64
		{AD3E73FF-0687-4D9C-B229-A82C6476EE4F}.Debug|x86.ActiveCfg = Debug|Win32
		{AD3E73FF-0687-4D9C-B229-A82C6476EE4F}.Debug|x86.Build.0 = Debug|Win32
		{AD3E73FF-0687-4D9C-B229-A82C6476EE4F}.Release|x64.ActiveCfg = Release|x64
		{AD3E73FF-0687-4D9C-B229-A82C6476EE4F}.Release|x64.Build.0 = Release|x64
		{AD3E73FF-0687-4D9C-B229-A82C6476EE4F}.Release|x86.ActiveCfg = Release|Win32
		{AD3E73FF-0687-4D9C-B229-A82C6476EE4F}.Release|x86.Build.0 = Release|Win32
		{50392D99-F456-4079-9D9A-2F8C6BA8C36D}.Debug|x64.ActiveCfg = Debug|x64
		{50392D99-F456-4079-9D9A-2F8C6BA8C36D}.Debug|x64.Build.0 = Debug|x64
		{50392D99-F456-4079-9D9A-2F8C6BA8C36D}.Debug|x86.ActiveCfg = Debug|Win32
		{50392D99-F456-4079-9D9A-2F8C6BA8C36D}.Debug|x86.Build.0 = Debug|Win32
		{50392D99-F456-4079-9D9A-2F8C6BA8C36D}.Release|x64.ActiveCfg = Release|x64
		{50392D99-F456-4079-9D9A-2F8C6BA8C36D}.Release|x64.Build.0 = Release|x64
		{50392D99-F456-4079-9D9A-2F8C6BA8C36D}.Release|x86.ActiveCfg = Release|Win32
		{50392D99-F456-4079-9D9A-2F8C6BA8C36D}.Release|x86.Build.0 = Release|Win32
		{2E103AA4-803D-4DC7-A87D-A626CB1A8AE4}.Debug|x64.ActiveCfg = Debug|x64
		{2E103AA4-803D-4DC7-A87D-A626CB1A8AE4}.Debug|x64.Build.0 = Debug|x64
		{2E103AA4-803D-4DC7-A87D-A626CB1A8AE4}.Debug|x86.ActiveCfg = Debug|Win32
		{2E103AA4-803D-4DC7-A87D-A626CB1A8AE4}.Debug|x86.Build.0 = Debug|Win32
		{2E103AA4-803D-4DC7-A87D-A626CB1A8AE4}.Release|x64.ActiveCfg = Release|x64
		{2E103AA4-803D-4DC7-A87D-A626CB1A8AE4}.Release|x64.Build.0 = Release|x64
		{2E103AA4-803D-4DC7-A87D-A626CB1A8AE4}.Release|x86.ActiveCfg = Release|Win32
		{2E103AA4-803D-4DC7-A87D-A626CB1A8AE4}.Release|x86.Build.0 = Release|Win32
		{D2722C01-8A80-4359-B7AA-0FA9AE0019D2}.Debug|x64.ActiveCfg = Debug|x64
		{D2722C01-8A80-4359-B7AA-0FA9AE0019D2}.Debug|x64.Build.0 = Debug|x64
		{D2722C01-8A80-4359-B7AA-0FA9AE0019D2}.Debug|x86.ActiveCfg = Debug|Win32
		{D2722C01-8A80-4359-B7AA-0FA9AE0019D2}.Debug|x86.Build.0 = Debug|Win32
		{D2722C01-8A80-4359-B7AA-0FA9AE0019D2}.Release|x64.ActiveCfg = Release|x64
		{D2722C01-8A80-4359-B7AA-0FA9AE0019D2}.Release|x64.Build.0 = Release|x64
		{D2722C01-8A80-4359-B7AA-0FA9AE0019D2}.Release|x86.ActiveCfg = Release|Win32
		{D2722C01-8A80-4359-B7AA-0FA9AE0019D2}.Release|x86.Build.0 = Release|Win32
		{25A9EFD9-1E96-4925-A4B2-A63116C64CC7}.Debug|x64.ActiveCfg = Debug|x64
		{25A9EFD9-1E96-4925-A4B2-A63116C64CC7}.Debug|x64.Build.0 = Debug|x64
		{25A9EFD9-1E96-4925-A4B2-A63116C64CC7}.Debug|x86.ActiveCfg = Debug|Win32
		{25A9EFD9-1E96-4925-A4B2-A63116C64CC7}.Debug|x86.Build.0 = Debug|Win32
		{25A9EFD9-1E96-4925-A4B2-A63116C64CC7}.Release|x64.ActiveCfg = Release|x64
		{25A9EFD9-1E96-4925-A4B2-A63116C64CC7}.Release|x64.Build.0 = Release|x64
		{25A9EFD9-1E96-4925-A4B2-A63116C64CC7}.Release|x86.ActiveCfg = Release|Win32
		{25A9EFD9-1E96-4925-A4B2-A63116C64CC7}.Release|x86.Build.0 = Release|Win32
		{37E8BEA8-C4BA-4120-9017-115248C97574}.Debug|x64.ActiveCfg = Debug|x64
		{37E8BEA8-C4BA-4120-9017-115248C97574}.Debug|x64.Build.0 = Debug|x64
		{37E8BEA8-C4BA-4120-9017-115248C97574}.Debug|x86.ActiveCfg = Debug|Win32
		{37E8BEA8-C4BA-4120-9017-115248C97574}.Debug|x86.Build.0 = Debug|Win32
		{37E8BEA8-C4BA-4120-9017-115248C97574}.Release|x64.ActiveCfg = Release|x64
		{37E8BEA8-C4BA-4120-9017-115248C97574}.Release|x64.Build.0 = Release|x64
		{37E8BEA8-C4BA-4120-9017-115248C97574}.Release|x86.ActiveCfg = Release|Win32
		{37E8BEA8-C4BA-4120-9017-115248C97574}.Release|x86.Build.0 = Release|Win32
		{8DF2B080-C56E-4BCD-8D17-C3789CBC8C2C}.Debug|x64.ActiveCfg = Debug|x64
		{8DF2B080-C56E-4BCD-8D17-C3789CBC8C2C}.Debug|x64.Build.0 = Debug|x64
		{8DF2B080-C56E-4BCD-8D17-C3789CBC8C2C}.Debug|x86.ActiveCfg = Debug|Win32
		{8DF2B080-C56E-4BCD-8D17-C3789CBC8C2C}.Debug|x86.Build.0 = Debug|Win32
		{8DF2B080-C56E-4BCD-8D17-C3789CBC8C2C}.Release|x64.ActiveCfg = Release|x64
		{8DF2B080-C56E-4BCD-8D17-C3789CBC8C2C}.Release|x64.Build.0 = Release|x64
		{8DF2B080-C56E-4BCD-8D17-C3789CBC8C2C}.Release|x86.ActiveCfg = Release|Win32
		{8DF2B080-C56E-4BCD-8D17-C3789CBC8C2C}.Release|x86.Build.0 = Release|Win32
		{1ABC57BF-61F7-4204-9F68-18CBE81016B5}.Debug|x64.ActiveCfg = Debug|x64
		{1ABC57BF-61F7-4204-9F68-18CBE81016B5}.Debug|x64.Build.0 = Debug|x64
		{1ABC57BF-61F7-4204-9F68-18CBE81016B5}.Debug|x86.ActiveCfg = Debug|Win32
		{1ABC57BF-61F7-4204-9F68-18CBE81016B5}.Debug|x86.Build.0 = Debug|Win32
		{1ABC57BF-61F7-4204-9F68-18CBE81016B5}.Release|x64.ActiveCfg = Release|x64
		{1ABC57BF-61F7-4204-9F68-18CBE81016B5}.Release|x64.Build.0 = Release|x64
		{1ABC57BF-61F7-4204-9F68-18CBE81016B5}.Release|x86.ActiveCfg = Release|Win32
		{1ABC57BF-61F7-4204-9F68-18CBE81016B5}.Release|x86.Build.0 = Release|Win32
		{1CE6A53B-E4E7-45B5-9AD3-289546626BCC}.Debug|x64.ActiveCfg = Debug|x64
		{1CE6A53B-E4E7-45B5-9AD3-289546626BCC}.Debug|x64.Build.0 = Debug|x64
		{1CE6A53B-E4E7-45B5-9AD3-289546626BCC}.Debug|x86.ActiveCfg = Debug|Win32
		{1CE6A53B-E4E7-45B5-9AD3-289546626BCC}.Debug|x86.Build.0 = Debug|Win32
		{1CE6A53B-E4E7-45B5-9AD3-289546626BCC}.Release|x64.ActiveCfg = Release|x64
		{1CE6A53B-E4E7-45B5-9AD3-289546626BCC}.Release|x64.Build.0 = Release|x64
		{1CE6A53B-E4E7-45B5-9AD3-289546626BCC}.Release|x86.ActiveCfg = Release|Win32
		{1CE6A53B-E4E7-45B5-9AD3-289546626BCC}.Release|x86.Build.0 = Release|Win32
		{BEDA94E5-375D-492B-942E-8D56F77AA0C9}.Debug|x64.ActiveCfg = Debug|x64
		{BEDA94E5-375D-492B-942E-8D56F77AA0C9}.Debug|x64.Build.0 = Debug|x64
		{BEDA94E5-375D-492B-942E-8D56F77AA0C9}.Debug|x86.ActiveCfg = Debug|Win32
		{BEDA94E5-375D-492B-942E-8D56F77AA0C9}.Debug|x86.Build.0 = Debug|Win32
		{BEDA94E5-375D-492B-942E-8D56F77AA0C9}.Release|x64.ActiveCfg = Release|x64
		{BEDA94E5-375D-492B-942E-8D56F77AA0C9}.Release|x64.Build.0 = Release|x64
		{BEDA94E5-375D-492B-942E-8D56F77AA0C9}.Release|x86.ActiveCfg = Release|Win32
		{BEDA94E5-375D-492B-942E-8D56F77AA0C9}.Release|x86.Build.0 = Release|Win32
		{8C2B184B-7BFD-44E3-BE5B-9CDD19DE9610}.Debug|x64.ActiveCfg = Debug|x64
		{8C2B184B-7BFD-44E3-BE5B-9CDD19DE9610}.Debug|x64.Build.0 = Debug|x64
		{8C2B184B-7BFD-44E3-BE5B-9CDD19DE9610}.Debug|x86.ActiveCfg = Debug|Win32
		{8C2B184B-7BFD-44E3-BE5B-9CDD19DE9610}.Debug|x86.Build.0 = Debug|Win32
		{8C2B184B-7BFD-44E3-BE5B-9CDD19DE9610}.Release|x64.ActiveCfg = Release|x64
		{8C2B184B-7BFD-44E3-BE5B-9CDD19DE9610}.Release|x64.Build.0 = Release|x64
		{8C2B184B-7BFD-44E3-BE5B-9CDD19DE9610}.Release|x86.ActiveCfg = Release|Win32
		{8C2B184B-7BFD-44E3-BE5B-9CDD19DE9610}.Release|x86.Build.0 = Release|Win32
		{03DF90C0-F497-4B80-9C3D-4C06E729F548}.Debug|x64.ActiveCfg = Debug|x64
		{03DF90C0-F497-4B80-9C3D-4C06E729F548}.Debug|x64.Build.0 = Debug|x64
		{03DF90C0-F497-4B80-9C3D-4C06E729F548}.Debug|x86.ActiveCfg = Debug|Win32
		{03DF90C0-F497-4B80-9C3D-4C06E729F548}.Debug|x86.Build.0 = Debug|Win32
		{03DF90C0-F497-4B80-9C3D-4C06E729F548}.Release|x64.ActiveCfg = Release|x64
		{03DF90C0-F497-4B80-9C3D-4C06E729F548}.Release|x64.Build.0 = Release|x64
		{03DF90C0-F497-4B80-9C3D-4C06E729F548}.Release|x86.ActiveCfg = Release|Win32
		{03DF90C0-F497-4B80-9C3D-4C06E729F548}.Release|x86.Build.0 = Release|Win32
		{D3B9B21D-A80F-410E-8683-5624F43E868D}.Debug|x64.ActiveCfg = Debug|x64
		{D3B9B21D-A80F-410E-8683-5624F43E868D}.Debug|x64.Build.0 = Debug|x64
		{D3B9B21D-A80F-410E-8683-5624F43E868D}.Debug|x86.ActiveCfg = Debug|Win32
		{D3B9B21D-A80F-410E-8683-5624F43E868D}.Debug|x86.Build.0 = Debug|Win32
		{D3B9B21D-A80F-410E-8683-5624F43E868D}.Release|x64.ActiveCfg = Release|x64
		{D3B9B21D-A80F-410E-8683-5624F43E868D}.Release|x64.Build.0 = Release|x64
		{D3B9B21D-A80F-410E-8683-5624F43E868D}.Release|x86.ActiveCfg = Release|Win32
		{D3B9B21D-A80F-410E-8683-5624F43E868D}.Release|x86.Build.0 = Release|Win32
		{BFC0804E-6BFA-4675-B580-91619925EC03}.Debug|x64.ActiveCfg = Debug|x64
		{BFC0804E-6BFA-4675-B580-91619925EC03}.Debug|x64.Build.0 = Debug|x64
		{BFC0804E-6BFA-4675-B580-91619925EC03}.Debug|x86.ActiveCfg = Debug|Win32
		{BFC0804E-6BFA-4675-B580-91619925EC03}.Debug|x86.Build.0 = Debug|Win32
		{BFC0804E-6BFA-4675-B580-91619925EC03}.Release|x64.ActiveCfg = Release|x64
		{BFC0804E-6BFA-4675-B580-91619925EC03}.Release|x64.Build.0 = Release|x64
		{BFC0804E-6BFA-4675-B580-91619925EC03}.Release|x86.ActiveCfg = Release|Win32
		{BFC0804E-6BFA-4675-B580-91619925EC03}.Release|x86.Build.0 = Release|Win32
		{2A4E4E83-5B47-461F-A5EC-996CBD3802E0}.Debug|x64.ActiveCfg = Debug|x64
		{2A4E4E83-5B47-461F-A5EC-996CBD3802E0}.Debug|x64.Build.0 = Debug|x64
		{2A4E4E83-5B47-461F-A5EC-996CBD3802E0}.Debug|x86.ActiveCfg = Debug|Win32
		{2A4E4E83-5B47-461F-A5EC-996CBD3802E0}.Debug|x86.Build.0 = Debug|Win32
		{2A4E4E83-5B47-461F-A5EC-996CBD3802E0}.Release|x64.ActiveCfg = Release|x64
		{2A4E4E83-5B47-461F-A5EC-996CBD3802E0}.Release|x64.Build.0 = Release|x64
		{2A4E4E83-5B47-461F-A5EC-996CBD3802E0}.Release|x86.ActiveCfg = Release|Win32
		{2A4E4E83-5B47-461F-A5EC-996CBD3802E0}.Release|x86.Build.0 = Release|Win32
		{93E5267E-7A54-4E1A-9F3E-2B6D6367095E}.Debug|x64.ActiveCfg = Debug|x64
		{93E5267E-7A54-4E1A-9F3E-2B6D6367095E}.Debug|x64.Build.0 = Debug|x64
		{93E5267E-7A54-4E1A-9F3E-2B6D6367095E}.Debug|x86.ActiveCfg = Debug|Win32
		{93E5267E-7A54-4E1A-9F3E-2B6D6367095E}.Debug|x86.Build.0 = Debug|Win32
		{93E5267E-7A54-4E1A-9F3E-2B6D6367095E}.Release|x64.ActiveCfg = Release|x64
		{93E5267E-7A54-4E1A-9F3E-2B6D6367095E}.Release|x64.Build.0 = Release|x64
		{93E5267E-7A54-4E1A-9F3E-2B6D6367095E}.Release|x86.ActiveCfg = Release|Win32
		{93E5267E-7A54-4E1A-9F3E-2B6D6367095E}.Release|x86.Build.0 = Release|Win32
		{5BB820B1-5C08-43ED-93DB-BFCB867F3A8F}.Debug|x64.ActiveCfg = Debug|x64
		{5BB820B1-5C08-43ED-93DB-BFCB867F3A8F}.Debug|x64.Build.0 = Debug|x64
		{5BB820B1-5C08-43ED-93DB-BFCB867F3A8F}.Debug|x86.ActiveCfg = Debug|Win32
		{5BB820B1-5C08-43ED-93DB-BFCB867F3A8F}.Debug|x86.Build.0 = Debug|Win32
		{5BB820B1-5C08-43ED-93DB-BFCB867F3A8F}.Release|x64.ActiveCfg = Release|x64
		{5BB820B1-5C08-43ED-93DB-BFCB867F3A8F}.Release|x64.Build.0 = Release|x64
		{5BB820B1-5C08-43ED-93DB-BFCB867F3A8F}.Release|x86.ActiveCfg = Release|Win32
		{5BB820B1-5C08-43ED-93DB-BFCB867F3A8F}.Release|x86.Build.0 = Release|Win32
		{3442919A-B81E-461D-AB74-B3FE5ECA11B4}.Debug|x64.ActiveCfg = Debug|x64
		{3442919A-B81E-461D-AB74-B3FE5ECA11B4}.Debug|x64.Build.0 = Debug|x64
		{3442919A-B81E-461D-AB74-B3FE5ECA11B4}.Debug|x86.ActiveCfg = Debug|Win32
		{3442919A-B81E-461D-AB74-B3FE5ECA11B4}.Debug|x86.Build.0 = Debug|Win32
		{3442919A-B81E-461D-AB74-B3FE5ECA11B4}.Release|x64.ActiveCfg = Release|x64
		{3442919A-B81E-461D-AB74-B3FE5ECA11B4}.Release|x64.Build.0 = Release|x64
		{3442919A-B81E-461D-AB74-B3FE5ECA11B4}.Release|x86.ActiveCfg = Release|Win32
		{3442919A-B81E-461D-AB74-B3FE5ECA11B4}.Release|x86.Build.0 = Release|Win32
		{1668849F-7C83-4F6C-B760-6183049F0BCC}.Debug|x64.ActiveCfg = Debug|x64
		{1668849F-7C83-4F6C-B760-6183049F0BCC}.Debug|x64.Build.0 = Debug|x64
		{1668849F-7C83-4F6C-B760-6183049F0BCC}.Debug|x86.ActiveCfg = Debug|Win32
		{1668849F-7C83-4F6C-B760-6183049F0BCC}.Debug|x86.Build.0 = Debug|Win32
		{1668849F-7C83-4F6C-B760-6183049F0BCC}.Release|x64.ActiveCfg = Release|x64
		{1668849F-7C83-4F6C-B760-6183049F0BCC}.Release|x64.Build.0 = Release|x64
		{1668849F-7C83-4F6C-B760-6183049F0BCC}.Release|x86.ActiveCfg = Release|Win32
		{1668849F-7C83-4F6C-B760-6183049F0BCC}.Release|x86.Build.0 = Release|Win32
		{546174FF-FCF6-4FA4-8F03-1188B2649862}.Debug|x64.ActiveCfg = Debug|x64
		{546174FF-FCF6-4FA4-8F03-1188B2649862}.Debug|x64.Build.0 = Debug|x64
		{546174FF-FCF6-4FA4-8F03-1188B2649862}.Debug|x86.ActiveCfg = Debug|Win32
		{546174FF-FCF6-4FA4-8F03-1188B2649862}.Debug|x86.Build.0 = Debug|Win32
		{546174FF-FCF6-4FA4-8F03-1188B2649862}.Release|x64.ActiveCfg = Release|x64
		{546174FF-FCF6-4FA4-8F03-1188B2649862}.Release|x64.Build.0 = Release|x64
		{546174FF-FCF6-4FA4-8F03-1188B2649862}.Release|x86.ActiveCfg = Release|Win32
		{546174FF-FCF6-4FA4-8F03-1188B2649862}.Release|x86.Build.0 = Release|Win32
		{2F142094-4540-4C9E-A849-75300C98C5D1}.Debug|x64.ActiveCfg = Debug|x64
		{2F142094-4540-4C9E-A849-75300C98C5D1}.Debug|x64.Build.0 = Debug|x64
		{2F142094-4540-4C9E-A849-75300C98C5D1}.Debug|x86.ActiveCfg = Debug|Win32
		{2F142094-4540-4C9E-A849-75300C98C5D1}.Debug|x86.Build.0 = Debug|Win32
		{2F142094-4540-4C9E-A849-75300C98C5D1}.Release|x64.ActiveCfg = Release|x64
		{2F142094-4540-4C9E-A849-75300C98C5D1}.Release|x64.Build.0 = Release|x64
		{2F142094-4540-4C9E-A849-75300C98C5D1}.Release|x86.ActiveCfg = Release|Win32
		{2F142094-4540-4C9E-A849-75300C98C5D1}.Release|x86.Build.0 = Release|Win32
		{AAC9AF25-965F-4634-B017-D159D6A803A3}.Debug|x64.ActiveCfg = Debug|x64
		{AAC9AF25-965F-4634-B017-D159D6A803A3}.Debug|x64.Build.0 = Debug|x64
		{AAC9AF25-965F-4634-B017-D159D6A803A3}.Debug|x86.ActiveCfg = Debug|Win32
		{AAC9AF25-965F-4634-B017-D159D6A803A3}.Debug|x86.Build.0 = Debug|Win32
		{AAC9AF25-965F-4634-B017-D159D6A803A3}.Release|x64.ActiveCfg = Release|x64
		{AAC9AF25-965F-4634-B017-D159D6A803A3}.Release|x64.Build.0 = Release|x64
		{AAC9AF25-965F-4634-B017-D159D6A803A3}.Release|x86.ActiveCfg = Release|Win32
		{AAC9AF25-965F-4634-B017-D159D6A803A3}.Release|x86.Build.0 = Release|Win32
		{E722385A-AFBB-41AB-BF01-1045EC65D97C}.Debug|x64.ActiveCfg = Debug|x64
		{E722385A-AFBB-41AB-BF01-1045EC65D97C}.Debug|x64.Build.0 = Debug|x64
		{E722385A-AFBB-41AB-BF01-1045EC65D97C}.Debug|x86.ActiveCfg = Debug|Win32
		{E722385A-AFBB-41AB-BF01-1045EC65D97C}.Debug|x86.Build.0 = Debug|Win32
		{E722385A-AFBB-41AB-BF01-1045EC65D97C}.Release|x64.ActiveCfg = Release|x64
		{E722385A-AFBB-41AB-BF01-1045EC65D97C}.Release|x64.Build.0 = Release|x64
		{E722385A-AFBB-41AB-BF01-1045EC65D97C}.Release|x86.ActiveCfg = Release|Win32
		{E722385A-AFBB-41AB-BF01-1045EC65D97C}.Release|x86.Build.0 = Release|Win32
		{7FB382E1-093A-440A-9BAF-EDECCC2F9886}.Debug|x64.ActiveCfg = Debug|x64
		{7FB382E1-093A-440A-9BAF-EDECCC2F9886}.Debug|x64.Build.0 = Debug|x64
		{7FB382E1-093A-440A-9BAF-EDECCC2F9886}.Debug|x86.ActiveCfg = Debug|Win32
		{7FB382E1-093A-440A-9BAF-EDECCC2F9886}.Debug|x86.Build.0 = Debug|Win32
		{7FB382E1-093A-440A-9BAF-EDECCC2F9886}.Release|x64.ActiveCfg = Release|x64
		{7FB382E1-093A-440A-9BAF-EDECCC2F9886}.Release|x64.Build.0 = Release|x64
		{7FB382E1-093A-440A-9BAF-EDECCC2F9886}.Release|x86.ActiveCfg = Release|Win32
		{7FB382E1-093A-440A-9BAF-EDECCC2F9886}.Release|x86.Build.0 = Release|Win32
		{FCAC04C6-CB6C-4D07-ACD8-BCA1A4B32C8A}.Debug|x64.ActiveCfg = Debug|x64
		{FCAC04C6-CB6C-4D07-ACD8-BCA1A4B32C8A}.Debug|x64.Build.0 = Debug|x64
		{FCAC04C6-CB6C-4D07-ACD8-BCA1A4B32C8A}.Debug|x86.ActiveCfg = Debug|Win32
		{FCAC04C6-CB6C-4D07-ACD8-BCA1A4B32C8A}.Debug|x86.Build.0 = Debug|Win32
		{FCAC04C6-CB6C-4D07-ACD8-BCA1A4B32C8A}.Release|x64.ActiveCfg = Release|x64
		{FCAC04C6-CB6C-4D07-ACD8-BCA1A4B32C8A}.Release|x64.Build.0 = Release|x64
		{FCAC04C6-CB6C-4D07-ACD8-BCA1A4B32C8A}.Release|x86.ActiveCfg = Release|Win32
		{FCAC04C6-CB6C-4D07-ACD8-BCA1A4B32C8A}.Release|x86.Build.0 = Release|Win32
		{6D5C0309-D452-44DC-B12D-D8D585EA0E03}.Debug|x64.ActiveCfg = Debug|x64
		{6D5C0309-D452-44DC-B12D-D8D585EA0E03}.Debug|x64.Build.0 = Debug|x64
		{6D5C0309-D452-44DC-B12D-D8D585EA0E03}.Debug|x86.ActiveCfg = Debug|Win32
		{6D5C0309-D452-44DC-B12D-D8D585EA0E03}.Debug|x86.Build.0 = Debug|Win32
		{6D5C0309-D452-44DC-B12D-D8D585EA0E03}.Release|x64.ActiveCfg = Release|x64
		{6D5C0309-D452-44DC-B12D-D8D585EA0E03}.Release|x64.Build.0 = Release|x64
		{6D5C0309-D452-44DC-B12D-D8D585EA0E03}.Release|x86.ActiveCfg = Release|Win32
		{6D5C0309-D452-44DC-B12D-D8D585EA0E03}.Release|x86.Build.0 = Release|Win32
		{AFEA615B-0812-4530-9159-C0FF8042F71D}.Debug|x64.ActiveCfg = Debug|x64
		{AFEA615B-0812-4530-9159-C0FF8042F71D}.Debug|x64.Build.0 = Debug|x64
		{AFEA615B-0812-4530-9159-C0FF8042F71D}.Debug|x86.ActiveCfg = Debug|Win32
		{AFEA615B-0812-4530-9159-C0FF8042F71D}.Debug|x86.Build.0 = Debug|Win32
		{AFEA615B-0812-4530-9159-C0FF8042F71D}.Release|x64.ActiveCfg = Release|x64
		{AFEA615B-0812-4530-9159-C0FF8042F71D}.Release|x64.Build.0 = Release|x64
		{AFEA615B-0812-4530-9159-C0FF8042F71D}.Release|x86.ActiveCfg = Release|Win32
		{AFEA615B-0812-4530-9159-C0FF8042F71D}.Release|x86.Build.0 = Release|Win32
		{4A715A82-A80F-441D-AB17-3F955108E2FF}.Debug|x64.ActiveCfg = Debug|x64
		{4A715A82-A80F-441D-AB17-3F955108E2FF}.Debug|x64.Build.0 = Debug|x64
		{4A715A82-A80F-441D-AB17-3F955108E2FF}.Debug|x86.ActiveCfg = Debug|Win32
		{4A715A82-A80F-441D-AB17-3F955108E2FF}.Debug|x86.Build.0 = Debug|Win32
		{4A715A82-A80F-441D-AB17-3F955108E2FF}.Release|x64.ActiveCfg = Release|x64
		{4A715A82-A80F-441D-AB17-3F955108E2FF}.Release|x64.Build.0 = Release|x64
		{4A715A82-A80F-441D-AB17-3F955108E2FF}.Release|x86.ActiveCfg = Release|Win32
		{4A715A82-A80F-441D-AB17-3F955108E2FF}.Release|x86.Build.0 = Release|Win32
		{425A8D9C-3385-4F13-9DA5-0C53EB9F513F}.Debug|x64.ActiveCfg = Debug|x64
		{425A8D9C-3385-4F13-9DA5-0C53EB9F513F}.Debug|x64.Build.0 = Debug|x64
		{425A8D9C-3385-4F13-9DA5-0C53EB9F513F}.Debug|x86.ActiveCfg = Debug|Win32
		{425A8D9C-3385-4F13-9DA5-0C53EB9F513F}.Debug|x86.Build.0 = Debug|Win32
		{425A8D9C-3385-4F13-9DA5-0C53EB9F513F}.Release|x64.ActiveCfg = Release|x64
		{425A8D9C-3385-4F13-9DA5-0C53EB9F513F}.Release|x64.Build.0 = Release|x64
		{425A8D9C-3385-4F13-9DA5-0C53EB9F513F}.Release|x86.ActiveCfg = Release|Win32
		{425A8D9C-3385-4F13-9DA5-0C53EB9F513F}.Release|x86.Build.0 = Release|Win32
		{29F74DF3-EFEB-4096-8A0C-0BD1FC4A81D0}.Debug|x64.ActiveCfg = Debug|x64
		{29F74DF3-EFEB-4096-8A0C-0BD1FC4A81D0}.Debug|x64.Build.0 = Debug|x64
		{29F74DF3-EFEB-4096-8A0C-0BD1FC4A81D0}.Debug|x86.ActiveCfg = Debug|Win32
		{29F74DF3-EFEB-4096-8A0C-0BD1FC4A81D0}.Debug|x86.Build.0 = Debug|Win32
		{29F74DF3-EFEB-4096-8A0C-0BD1FC4A81D0}.Release|x64.ActiveCfg = Release|x64
		{29F74DF3-EFEB-4096-8A0C-0BD1FC4A81D0}.Release|x64.Build.0 = Release|x64
		{29F74DF3-EFEB-4096-8A0C-0BD1FC4A81D0}.Release|x86.ActiveCfg = Release|Win32
		{29F74DF3-EFEB-4096-8A0C-0BD1FC4A81D0}.Release|x86.Build.0 = Release|Win32
		{AF261EB3-F0D9-4722-B750-6D06F5B517CD}.Debug|x64.ActiveCfg = Debug|x64
		{AF261EB3-F0D9-4722-B750-6D06F5B517CD}.Debug|x64.Build.0 = Debug|x64
		{AF261EB3-F0D9-4722-B750-6D06F5B517CD}.Debug|x86.ActiveCfg = Debug|Win32
		{AF261EB3-F0D9-4722-B750-6D06F5B517CD}.Debug|x86.Build.0 = Debug|Win32
		{AF261EB3-F0D9-4722-B750-6D06F5B517CD}.Release|x64.ActiveCfg = Release|x64
		{AF261EB3-F0D9-4722-B750-6D06F5B517CD}.Release|x64.Build.0 = Release|x64
		{AF261EB3-F0D9-4722-B750-6D06F5B517CD}.Release|x86.ActiveCfg = Release|Win32
		{AF261EB3-F0D9-4722-B750-6D06F5B517CD}.Release|x86.Build.0 = Release|Win32
		{D3A24CC1-A040-4794-A8AB-21356042F9BD}.Debug|x64.ActiveCfg = Debug|x64
		{D3A24CC1-A040-4794-A8AB-21356042F9BD}.Debug|x64.Build.0 = Debug|x64
		{D3A24CC1-A040-4794-A8AB-21356042F9BD}.Debug|x86.ActiveCfg = Debug|Win32
		{D3A24CC1-A040-4794-A8AB-21356042F9BD}.Debug|x86.Build.0 = Debug|Win32
		{D3A24CC1-A040-4794-A8AB-21356042F9BD}.Release|x64.ActiveCfg = Release|x64
		{D3A24CC1-A040-4794-A8AB-21356042F9BD}.Release|x64.Build.0 = Release|x64
		{D3A24CC1-A040-4794-A8AB-21356042F9BD}.Release|x86.ActiveCfg = Release|Win32
		{D3A24CC1-A040-4794-A8AB-21356042F9BD}.Release|x86.Build.0 = Release|Win32
		{405235CD-162D-4E0F-A9CD-20C5BE9957A9}.Debug|x64.ActiveCfg = Debug|x64
		{405235CD-162D-4E0F-A9CD-20C5BE9957A9}.Debug|x64.Build.0 = Debug|x64
		{405235CD-162D-4E0F-A9CD-20C5BE9957A9}.Debug|x86.ActiveCfg = Debug|Win32
		{405235CD-162D-4E0F-A9CD-20C5BE9957A9}.Debug|x86.Build.0 = Debug|Win32
		{405235CD-162D-4E0F-A9CD-20C5BE9957A9}.Release|x64.ActiveCfg = Release|x64
		{405235CD-162D-4E0F-A9CD-20C5BE9957A9}.Release|x64.Build.0 = Release|x64
		{405235CD-162D-4E0F-A9CD-20C5BE9957A9}.Release|x86.ActiveCfg = Release|Win32
		{405235CD-162D-4E0F-A9CD-20C5BE9957A9}.Release|x86.Build.0 = Release|Win32
		{41976849-B7C3-4961-A320-5F45BF2840A0}.Debug|x64.ActiveCfg = Debug|x64
		{41976849-B7C3-4961-A320-5F45BF2840A0}.Debug|x64.Build.0 = Debug|x64
		{41976849-B7C3-4961-A320-5F45BF2840A0}.Debug|x86.ActiveCfg = Debug|Win32
		{41976849-B7C3-4961-A320-5F45BF2840A0}.Debug|x86.Build.0 = Debug|Win32
		{41976849-B7C3-4961-A320-5F45BF2840A0}.Release|x64.ActiveCfg = Release|x64
		{41976849-B7C3-4961-A320-5F45BF2840A0}.Release|x64.Build.0 = Release|x64
		{41976849-B7C3-4961-A320-5F45BF2840A0}.Release|x86.ActiveCfg = Release|Win32
		{41976849-B7C3-4961-A320-5F45BF2840A0}.Release|x86.Build.0 = Release|Win32
		{253150AD-B650-45FE-9E6C-C69359E2D779}.Debug|x64.ActiveCfg = Debug|x64
		{253150AD-B650-45FE-9E6C-C69359E2D779}.Debug|x64.Build.0 = Debug|x64
		{253150AD-B650-45FE-9E6C-C69359E2D779}.Debug|x86.ActiveCfg = Debug|Win32
		{253150AD-B650-45FE-9E6C-C69359E2D779}.Debug|x86.Build.0 = Debug|Win32
		{253150AD-B650-45FE-9E6C-C69359E2D779}.Release|x64.ActiveCfg = Release|x64
		{253150AD-B650-45FE-9E6C-C69359E2D779}.Release|x64.Build.0 = Release|x64
		{253150AD-B650-45FE-9E6C-C69359E2D779}.Release|x86.ActiveCfg = Release|Win32
		{253150AD-B650-45FE-9E6C-C69359E2D779}.Release|x86.Build.0 = Release|Win32
		{454E89E9-A0E1-47E9-8060-2C3AEB9A8FD7}.Debug|x64.ActiveCfg = Debug|x64
		{454E89E9-A0E1-47E9-8060-2C3AEB9A8FD7}.Debug|x64.Build.0 = Debug|x64
		{454E89E9-A0E1-47E9-8060-2C3AEB9A8FD7}.Debug|x86.ActiveCfg = Debug|Win32
		{454E89E9-A0E1-47E9-8060-2C3AEB9A8FD7}.Debug|x86.Build.0 = Debug|Win32
		{454E89E9-A0E1-47E9-8060-2C3AEB9A8FD7}.Release|x64.ActiveCfg = Release|x64
		{454E89E9-A0E1-47E9-8060-2C3AEB9A8FD7}.Release|x64.Build.0 = Release|x64
		{454E89E9-A0E1-47E9-8060-2C3AEB9A8FD7}.Release|x86.ActiveCfg = Release|Win32
		{454E89E9-A0E1-47E9-8060-2C3AEB9A8FD7}.Release|x86.Build.0 = Release|Win32
	EndGlobalSection
	GlobalSection(SolutionProperties) = preSolution
		HideSolutionNode = FALSE
	EndGlobalSection
	GlobalSection(ExtensibilityGlobals) = postSolution
		SolutionGuid = {405CD142-B898-453F-954D-90A435F8957E}
	EndGlobalSection
EndGlobal
